// !$*UTF8*$!
{
	archiveVersion = 1;
	classes = {
	};
	objectVersion = 70;
	objects = {

/* Begin PBXBuildFile section */
		1B58EF772BE6BBE90066F447 /* MobileCourierApp.swift in Sources */ = {isa = PBXBuildFile; fileRef = 1B58EF762BE6BBE90066F447 /* MobileCourierApp.swift */; };
		1B58EF7B2BE6BBEA0066F447 /* Assets.xcassets in Resources */ = {isa = PBXBuildFile; fileRef = 1B58EF7A2BE6BBEA0066F447 /* Assets.xcassets */; };
		1B58EF7F2BE6BBEA0066F447 /* Preview Assets.xcassets in Resources */ = {isa = PBXBuildFile; fileRef = 1B58EF7E2BE6BBEA0066F447 /* Preview Assets.xcassets */; };
		1B58EF892BE6BBEA0066F447 /* LoginViewModelTests.swift in Sources */ = {isa = PBXBuildFile; fileRef = 1B58EF882BE6BBEA0066F447 /* LoginViewModelTests.swift */; };
		1B58EF932BE6BBEA0066F447 /* MobileCourierAppUITests.swift in Sources */ = {isa = PBXBuildFile; fileRef = 1B58EF922BE6BBEA0066F447 /* MobileCourierAppUITests.swift */; };
		1B58EFAB2BE6C1F30066F447 /* LaunchScreen.storyboard in Resources */ = {isa = PBXBuildFile; fileRef = 1B58EFAA2BE6C1F30066F447 /* LaunchScreen.storyboard */; };
		1B5E84A12C267FE200EDFDE2 /* AppDIContainer.swift in Sources */ = {isa = PBXBuildFile; fileRef = 1B5E84A02C267FE200EDFDE2 /* AppDIContainer.swift */; };
		1BE58CAE2C05757000C7DF63 /* AuthRepositorySpy.swift in Sources */ = {isa = PBXBuildFile; fileRef = 1BE58CAD2C05757000C7DF63 /* AuthRepositorySpy.swift */; };
		1BE58CB02C05757C00C7DF63 /* StorageSpy.swift in Sources */ = {isa = PBXBuildFile; fileRef = 1BE58CAF2C05757C00C7DF63 /* StorageSpy.swift */; };
		1BE63F712BE980D60016A26E /* UserDefaultsStorage.swift in Sources */ = {isa = PBXBuildFile; fileRef = 1BE63F702BE980D60016A26E /* UserDefaultsStorage.swift */; };
		1BE7837E2C2E61BE00D2093E /* LoginScreen.swift in Sources */ = {isa = PBXBuildFile; fileRef = 1BE7837D2C2E61BE00D2093E /* LoginScreen.swift */; };
		1BE783802C2E61CA00D2093E /* HomeScreen.swift in Sources */ = {isa = PBXBuildFile; fileRef = 1BE7837F2C2E61CA00D2093E /* HomeScreen.swift */; };
		1BE783822C2E61D400D2093E /* Screen.swift in Sources */ = {isa = PBXBuildFile; fileRef = 1BE783812C2E61D400D2093E /* Screen.swift */; };
		1BE783852C2E630000D2093E /* XCUIElement+Extensions.swift in Sources */ = {isa = PBXBuildFile; fileRef = 1BE783842C2E630000D2093E /* XCUIElement+Extensions.swift */; };
		FB03E49D2F6F371A00B3C6BF /* RoundedIndicatorViewModifier.swift in Sources */ = {isa = PBXBuildFile; fileRef = FB03E4652F6F371A00B3C6BF /* RoundedIndicatorViewModifier.swift */; };
		FB03E49E2F6F371A00B3C6BF /* RowView.swift in Sources */ = {isa = PBXBuildFile; fileRef = FB03E48D2F6F371A00B3C6BF /* RowView.swift */; };
		FB03E49F2F6F371A00B3C6BF /* HeaderView.swift in Sources */ = {isa = PBXBuildFile; fileRef = FB03E46D2F6F371A00B3C6BF /* HeaderView.swift */; };
		FB03E4A02F6F371A00B3C6BF /* ShipmentRowView.swift in Sources */ = {isa = PBXBuildFile; fileRef = FB03E48E2F6F371A00B3C6BF /* ShipmentRowView.swift */; };
		FB03E4A12F6F371A00B3C6BF /* AccessibilityIdentifiers.swift in Sources */ = {isa = PBXBuildFile; fileRef = FB03E46A2F6F371A00B3C6BF /* AccessibilityIdentifiers.swift */; };
		FB03E4A22F6F371A00B3C6BF /* GroupedPackageRowView.swift in Sources */ = {isa = PBXBuildFile; fileRef = FB03E4952F6F371A00B3C6BF /* GroupedPackageRowView.swift */; };
		FB03E4A32F6F371A00B3C6BF /* GroupedPackageReadyView.swift in Sources */ = {isa = PBXBuildFile; fileRef = FB03E47B2F6F371A00B3C6BF /* GroupedPackageReadyView.swift */; };
		FB03E4A42F6F371A00B3C6BF /* HomeViewModelMock.swift in Sources */ = {isa = PBXBuildFile; fileRef = FB03E4842F6F371A00B3C6BF /* HomeViewModelMock.swift */; };
		FB03E4A52F6F371A00B3C6BF /* HomeViewModel.swift in Sources */ = {isa = PBXBuildFile; fileRef = FB03E4742F6F371A00B3C6BF /* HomeViewModel.swift */; };
		FB03E4A62F6F371A00B3C6BF /* ShipmentDetailView.swift in Sources */ = {isa = PBXBuildFile; fileRef = FB03E4932F6F371A00B3C6BF /* ShipmentDetailView.swift */; };
		FB03E4A72F6F371A00B3C6BF /* PackagesForWithdrawalViewModelMock.swift in Sources */ = {isa = PBXBuildFile; fileRef = FB03E4862F6F371A00B3C6BF /* PackagesForWithdrawalViewModelMock.swift */; };
		FB03E4A82F6F371A00B3C6BF /* WithdrawnPackagesViewModel.swift in Sources */ = {isa = PBXBuildFile; fileRef = FB03E4972F6F371A00B3C6BF /* WithdrawnPackagesViewModel.swift */; };
		FB03E4A92F6F371A00B3C6BF /* AddressEntityMock.swift in Sources */ = {isa = PBXBuildFile; fileRef = FB03E47F2F6F371A00B3C6BF /* AddressEntityMock.swift */; };
		FB03E4AA2F6F371A00B3C6BF /* PackagesForWithdrawalView.swift in Sources */ = {isa = PBXBuildFile; fileRef = FB03E47C2F6F371A00B3C6BF /* PackagesForWithdrawalView.swift */; };
		FB03E4AB2F6F371A00B3C6BF /* CourierTextFieldStyle.swift in Sources */ = {isa = PBXBuildFile; fileRef = FB03E4682F6F371A00B3C6BF /* CourierTextFieldStyle.swift */; };
		FB03E4AC2F6F371A00B3C6BF /* LoginView.swift in Sources */ = {isa = PBXBuildFile; fileRef = FB03E4762F6F371A00B3C6BF /* LoginView.swift */; };
		FB03E4AD2F6F371A00B3C6BF /* WithdrawnPackagesView.swift in Sources */ = {isa = PBXBuildFile; fileRef = FB03E4962F6F371A00B3C6BF /* WithdrawnPackagesView.swift */; };
		FB03E4AE2F6F371A00B3C6BF /* SettingsViewModelMock.swift in Sources */ = {isa = PBXBuildFile; fileRef = FB03E4882F6F371A00B3C6BF /* SettingsViewModelMock.swift */; };
		FB03E4AF2F6F371A00B3C6BF /* PackagesForWithdrawalViewModel.swift in Sources */ = {isa = PBXBuildFile; fileRef = FB03E47D2F6F371A00B3C6BF /* PackagesForWithdrawalViewModel.swift */; };
		FB03E4B02F6F371A00B3C6BF /* Storage.swift in Sources */ = {isa = PBXBuildFile; fileRef = FB03E4702F6F371A00B3C6BF /* Storage.swift */; };
		FB03E4B12F6F371A00B3C6BF /* LoginViewModel.swift in Sources */ = {isa = PBXBuildFile; fileRef = FB03E4772F6F371A00B3C6BF /* LoginViewModel.swift */; };
		FB03E4B22F6F371A00B3C6BF /* CoordinatorRootView.swift in Sources */ = {isa = PBXBuildFile; fileRef = FB03E4992F6F371A00B3C6BF /* CoordinatorRootView.swift */; };
		FB03E4B32F6F371A00B3C6BF /* SettingsViewModel.swift in Sources */ = {isa = PBXBuildFile; fileRef = FB03E4912F6F371A00B3C6BF /* SettingsViewModel.swift */; };
		FB03E4B42F6F371A00B3C6BF /* AddressesRepositoryMock.swift in Sources */ = {isa = PBXBuildFile; fileRef = FB03E4802F6F371A00B3C6BF /* AddressesRepositoryMock.swift */; };
		FB03E4B52F6F371A00B3C6BF /* RippleSpinnerView.swift in Sources */ = {isa = PBXBuildFile; fileRef = FB03E46F2F6F371A00B3C6BF /* RippleSpinnerView.swift */; };
		FB03E4B62F6F371A00B3C6BF /* Coordinator.swift in Sources */ = {isa = PBXBuildFile; fileRef = FB03E4792F6F371A00B3C6BF /* Coordinator.swift */; };
		FB03E4B72F6F371A00B3C6BF /* Color+Extension.swift in Sources */ = {isa = PBXBuildFile; fileRef = FB03E46C2F6F371A00B3C6BF /* Color+Extension.swift */; };
		FB03E4B82F6F371A00B3C6BF /* ToastView.swift in Sources */ = {isa = PBXBuildFile; fileRef = FB03E4712F6F371A00B3C6BF /* ToastView.swift */; };
		FB03E4B92F6F371A00B3C6BF /* AuthRepositoryMock.swift in Sources */ = {isa = PBXBuildFile; fileRef = FB03E4832F6F371A00B3C6BF /* AuthRepositoryMock.swift */; };
		FB03E4BA2F6F371A00B3C6BF /* PackagesRepositoryMock.swift in Sources */ = {isa = PBXBuildFile; fileRef = FB03E4872F6F371A00B3C6BF /* PackagesRepositoryMock.swift */; };
		FB03E4BB2F6F371A00B3C6BF /* SettingsView.swift in Sources */ = {isa = PBXBuildFile; fileRef = FB03E4902F6F371A00B3C6BF /* SettingsView.swift */; };
		FB03E4BC2F6F371A00B3C6BF /* DIContainerProtocol.swift in Sources */ = {isa = PBXBuildFile; fileRef = FB03E49A2F6F371A00B3C6BF /* DIContainerProtocol.swift */; };
		FB03E4BD2F6F371A00B3C6BF /* PackagePlaceholderView.swift in Sources */ = {isa = PBXBuildFile; fileRef = FB03E46E2F6F371A00B3C6BF /* PackagePlaceholderView.swift */; };
		FB03E4BE2F6F371A00B3C6BF /* LoginViewModelMock.swift in Sources */ = {isa = PBXBuildFile; fileRef = FB03E4852F6F371A00B3C6BF /* LoginViewModelMock.swift */; };
		FB03E4BF2F6F371A00B3C6BF /* RippleSpinnerModifier.swift in Sources */ = {isa = PBXBuildFile; fileRef = FB03E4642F6F371A00B3C6BF /* RippleSpinnerModifier.swift */; };
		FB03E4C02F6F371A00B3C6BF /* WithdrawnPackagesViewModelMock.swift in Sources */ = {isa = PBXBuildFile; fileRef = FB03E48A2F6F371A00B3C6BF /* WithdrawnPackagesViewModelMock.swift */; };
		FB03E4C12F6F371A00B3C6BF /* Bundle+Extension.swift in Sources */ = {isa = PBXBuildFile; fileRef = FB03E46B2F6F371A00B3C6BF /* Bundle+Extension.swift */; };
		FB03E4C22F6F371A00B3C6BF /* MobileCourierAppPresentation.swift in Sources */ = {isa = PBXBuildFile; fileRef = FB03E49B2F6F371A00B3C6BF /* MobileCourierAppPresentation.swift */; };
		FB03E4C32F6F371A00B3C6BF /* ToastModifier.swift in Sources */ = {isa = PBXBuildFile; fileRef = FB03E4662F6F371A00B3C6BF /* ToastModifier.swift */; };
		FB03E4C42F6F371A00B3C6BF /* AppDIContainerMock.swift in Sources */ = {isa = PBXBuildFile; fileRef = FB03E4822F6F371A00B3C6BF /* AppDIContainerMock.swift */; };
		FB03E4C52F6F371A00B3C6BF /* StorageMock.swift in Sources */ = {isa = PBXBuildFile; fileRef = FB03E4892F6F371A00B3C6BF /* StorageMock.swift */; };
		FB03E4C62F6F371A00B3C6BF /* HomeView.swift in Sources */ = {isa = PBXBuildFile; fileRef = FB03E4732F6F371A00B3C6BF /* HomeView.swift */; };
		FB03E4C72F6F371A00B3C6BF /* BorderedViewModifier.swift in Sources */ = {isa = PBXBuildFile; fileRef = FB03E4622F6F371A00B3C6BF /* BorderedViewModifier.swift */; };
		FB03E4C82F6F371A00B3C6BF /* AppDataMock.swift in Sources */ = {isa = PBXBuildFile; fileRef = FB03E4812F6F371A00B3C6BF /* AppDataMock.swift */; };
		FB03E4C92F6F371A00B3C6BF /* GroupedPackageStyleModifier.swift in Sources */ = {isa = PBXBuildFile; fileRef = FB03E4632F6F371A00B3C6BF /* GroupedPackageStyleModifier.swift */; };
		FB03E4CA2F6F371A00B3C6BF /* ProfileView.swift in Sources */ = {isa = PBXBuildFile; fileRef = FB03E48C2F6F371A00B3C6BF /* ProfileView.swift */; };
		FB03E4DE2F6F387B00B3C6BF /* PackagesRepositoryProtocol.swift in Sources */ = {isa = PBXBuildFile; fileRef = FB03E4D92F6F387B00B3C6BF /* PackagesRepositoryProtocol.swift */; };
		FB03E4DF2F6F387B00B3C6BF /* LoginEntity.swift in Sources */ = {isa = PBXBuildFile; fileRef = FB03E4CD2F6F387B00B3C6BF /* LoginEntity.swift */; };
		FB03E4E02F6F387B00B3C6BF /* String+Domain.swift in Sources */ = {isa = PBXBuildFile; fileRef = FB03E4D32F6F387B00B3C6BF /* String+Domain.swift */; };
		FB03E4E12F6F387B00B3C6BF /* AuthRepositoryProtocol.swift in Sources */ = {isa = PBXBuildFile; fileRef = FB03E4D82F6F387B00B3C6BF /* AuthRepositoryProtocol.swift */; };
		FB03E4E22F6F387B00B3C6BF /* AppData.swift in Sources */ = {isa = PBXBuildFile; fileRef = FB03E4DB2F6F387B00B3C6BF /* AppData.swift */; };
		FB03E4E32F6F387B00B3C6BF /* AddressesEntity.swift in Sources */ = {isa = PBXBuildFile; fileRef = FB03E4CB2F6F387B00B3C6BF /* AddressesEntity.swift */; };
		FB03E4E42F6F387B00B3C6BF /* DateFormatType.swift in Sources */ = {isa = PBXBuildFile; fileRef = FB03E4D52F6F387B00B3C6BF /* DateFormatType.swift */; };
		FB03E4E52F6F387B00B3C6BF /* ShipmentStatus.swift in Sources */ = {isa = PBXBuildFile; fileRef = FB03E4CF2F6F387B00B3C6BF /* ShipmentStatus.swift */; };
		FB03E4E62F6F387B00B3C6BF /* GroupedPackageEntity.swift in Sources */ = {isa = PBXBuildFile; fileRef = FB03E4CC2F6F387B00B3C6BF /* GroupedPackageEntity.swift */; };
		FB03E4E72F6F387B00B3C6BF /* PackageEntity.swift in Sources */ = {isa = PBXBuildFile; fileRef = FB03E4CE2F6F387B00B3C6BF /* PackageEntity.swift */; };
		FB03E4E82F6F387B00B3C6BF /* AddressRepositoryProtocol.swift in Sources */ = {isa = PBXBuildFile; fileRef = FB03E4D72F6F387B00B3C6BF /* AddressRepositoryProtocol.swift */; };
		FB03E4E92F6F387B00B3C6BF /* Date+Domain.swift in Sources */ = {isa = PBXBuildFile; fileRef = FB03E4D12F6F387B00B3C6BF /* Date+Domain.swift */; };
		FB03E4EA2F6F387B00B3C6BF /* mobile_courier_app_domain.swift in Sources */ = {isa = PBXBuildFile; fileRef = FB03E4DC2F6F387B00B3C6BF /* mobile_courier_app_domain.swift */; };
		FB03E4EB2F6F387B00B3C6BF /* NSDecimalNumber+Domain.swift in Sources */ = {isa = PBXBuildFile; fileRef = FB03E4D22F6F387B00B3C6BF /* NSDecimalNumber+Domain.swift */; };
		FB03E5022F6F3AC900B3C6BF /* AuthEndpoints.swift in Sources */ = {isa = PBXBuildFile; fileRef = FB03E4F32F6F3AC900B3C6BF /* AuthEndpoints.swift */; };
		FB03E5032F6F3AC900B3C6BF /* MobileCourierData.swift in Sources */ = {isa = PBXBuildFile; fileRef = FB03E5002F6F3AC900B3C6BF /* MobileCourierData.swift */; };
		FB03E5042F6F3AC900B3C6BF /* CustomSessionDelegate.swift in Sources */ = {isa = PBXBuildFile; fileRef = FB03E4FE2F6F3AC900B3C6BF /* CustomSessionDelegate.swift */; };
		FB03E5052F6F3AC900B3C6BF /* PackageEndpoints.swift in Sources */ = {isa = PBXBuildFile; fileRef = FB03E4F52F6F3AC900B3C6BF /* PackageEndpoints.swift */; };
		FB03E5062F6F3AC900B3C6BF /* LoginModel.swift in Sources */ = {isa = PBXBuildFile; fileRef = FB03E4FA2F6F3AC900B3C6BF /* LoginModel.swift */; };
		FB03E5072F6F3AC900B3C6BF /* AuthRepository.swift in Sources */ = {isa = PBXBuildFile; fileRef = FB03E4EF2F6F3AC900B3C6BF /* AuthRepository.swift */; };
		FB03E5082F6F3AC900B3C6BF /* AddressEndpoints.swift in Sources */ = {isa = PBXBuildFile; fileRef = FB03E4F22F6F3AC900B3C6BF /* AddressEndpoints.swift */; };
		FB03E5092F6F3AC900B3C6BF /* PackagesModel.swift in Sources */ = {isa = PBXBuildFile; fileRef = FB03E4FB2F6F3AC900B3C6BF /* PackagesModel.swift */; };
		FB03E50A2F6F3AC900B3C6BF /* APIRequestClient.swift in Sources */ = {isa = PBXBuildFile; fileRef = FB03E4FD2F6F3AC900B3C6BF /* APIRequestClient.swift */; };
		FB03E50B2F6F3AC900B3C6BF /* AddressRespository.swift in Sources */ = {isa = PBXBuildFile; fileRef = FB03E4EE2F6F3AC900B3C6BF /* AddressRespository.swift */; };
		FB03E50C2F6F3AC900B3C6BF /* AddressesModel.swift in Sources */ = {isa = PBXBuildFile; fileRef = FB03E4F92F6F3AC900B3C6BF /* AddressesModel.swift */; };
		FB03E50D2F6F3AC900B3C6BF /* Data+Data.swift in Sources */ = {isa = PBXBuildFile; fileRef = FB03E4F72F6F3AC900B3C6BF /* Data+Data.swift */; };
		FB03E50E2F6F3AC900B3C6BF /* Endpoint.swift in Sources */ = {isa = PBXBuildFile; fileRef = FB03E4F42F6F3AC900B3C6BF /* Endpoint.swift */; };
		FB03E50F2F6F3AC900B3C6BF /* PackagesRepository.swift in Sources */ = {isa = PBXBuildFile; fileRef = FB03E4F02F6F3AC900B3C6BF /* PackagesRepository.swift */; };
		FBA6D5912F7866AA007303F8 /* ViewModelFactory.swift in Sources */ = {isa = PBXBuildFile; fileRef = FBA6D5902F7866AA007303F8 /* ViewModelFactory.swift */; };
/* End PBXBuildFile section */

/* Begin PBXContainerItemProxy section */
		1B58EF852BE6BBEA0066F447 /* PBXContainerItemProxy */ = {
			isa = PBXContainerItemProxy;
			containerPortal = 1B58EF6B2BE6BBE90066F447 /* Project object */;
			proxyType = 1;
			remoteGlobalIDString = 1B58EF722BE6BBE90066F447;
			remoteInfo = "mobile-courier-app";
		};
		1B58EF8F2BE6BBEA0066F447 /* PBXContainerItemProxy */ = {
			isa = PBXContainerItemProxy;
			containerPortal = 1B58EF6B2BE6BBE90066F447 /* Project object */;
			proxyType = 1;
			remoteGlobalIDString = 1B58EF722BE6BBE90066F447;
			remoteInfo = "mobile-courier-app";
		};
/* End PBXContainerItemProxy section */

/* Begin PBXFileReference section */
		1B58EF732BE6BBE90066F447 /* mobile-courier-app.app */ = {isa = PBXFileReference; explicitFileType = wrapper.application; includeInIndex = 0; path = "mobile-courier-app.app"; sourceTree = BUILT_PRODUCTS_DIR; };
		1B58EF762BE6BBE90066F447 /* MobileCourierApp.swift */ = {isa = PBXFileReference; lastKnownFileType = sourcecode.swift; path = MobileCourierApp.swift; sourceTree = "<group>"; };
		1B58EF7A2BE6BBEA0066F447 /* Assets.xcassets */ = {isa = PBXFileReference; lastKnownFileType = folder.assetcatalog; path = Assets.xcassets; sourceTree = "<group>"; };
		1B58EF7C2BE6BBEA0066F447 /* mobile_courier_app.entitlements */ = {isa = PBXFileReference; lastKnownFileType = text.plist.entitlements; path = mobile_courier_app.entitlements; sourceTree = "<group>"; };
		1B58EF7E2BE6BBEA0066F447 /* Preview Assets.xcassets */ = {isa = PBXFileReference; lastKnownFileType = folder.assetcatalog; path = "Preview Assets.xcassets"; sourceTree = "<group>"; };
		1B58EF842BE6BBEA0066F447 /* mobile-courier-appTests.xctest */ = {isa = PBXFileReference; explicitFileType = wrapper.cfbundle; includeInIndex = 0; path = "mobile-courier-appTests.xctest"; sourceTree = BUILT_PRODUCTS_DIR; };
		1B58EF882BE6BBEA0066F447 /* LoginViewModelTests.swift */ = {isa = PBXFileReference; lastKnownFileType = sourcecode.swift; path = LoginViewModelTests.swift; sourceTree = "<group>"; };
		1B58EF8E2BE6BBEA0066F447 /* mobile-courier-appUITests.xctest */ = {isa = PBXFileReference; explicitFileType = wrapper.cfbundle; includeInIndex = 0; path = "mobile-courier-appUITests.xctest"; sourceTree = BUILT_PRODUCTS_DIR; };
		1B58EF922BE6BBEA0066F447 /* MobileCourierAppUITests.swift */ = {isa = PBXFileReference; lastKnownFileType = sourcecode.swift; path = MobileCourierAppUITests.swift; sourceTree = "<group>"; };
		1B58EFAA2BE6C1F30066F447 /* LaunchScreen.storyboard */ = {isa = PBXFileReference; lastKnownFileType = file.storyboard; path = LaunchScreen.storyboard; sourceTree = "<group>"; };
		1B5E84A02C267FE200EDFDE2 /* AppDIContainer.swift */ = {isa = PBXFileReference; lastKnownFileType = sourcecode.swift; path = AppDIContainer.swift; sourceTree = "<group>"; };
		1BE58CAD2C05757000C7DF63 /* AuthRepositorySpy.swift */ = {isa = PBXFileReference; lastKnownFileType = sourcecode.swift; path = AuthRepositorySpy.swift; sourceTree = "<group>"; };
		1BE58CAF2C05757C00C7DF63 /* StorageSpy.swift */ = {isa = PBXFileReference; lastKnownFileType = sourcecode.swift; path = StorageSpy.swift; sourceTree = "<group>"; };
		1BE63F702BE980D60016A26E /* UserDefaultsStorage.swift */ = {isa = PBXFileReference; lastKnownFileType = sourcecode.swift; path = UserDefaultsStorage.swift; sourceTree = "<group>"; };
		1BE63F722BE98ADD0016A26E /* Info.plist */ = {isa = PBXFileReference; lastKnownFileType = text.plist; path = Info.plist; sourceTree = "<group>"; };
		1BE7837D2C2E61BE00D2093E /* LoginScreen.swift */ = {isa = PBXFileReference; lastKnownFileType = sourcecode.swift; path = LoginScreen.swift; sourceTree = "<group>"; };
		1BE7837F2C2E61CA00D2093E /* HomeScreen.swift */ = {isa = PBXFileReference; lastKnownFileType = sourcecode.swift; path = HomeScreen.swift; sourceTree = "<group>"; };
		1BE783812C2E61D400D2093E /* Screen.swift */ = {isa = PBXFileReference; lastKnownFileType = sourcecode.swift; path = Screen.swift; sourceTree = "<group>"; };
		1BE783842C2E630000D2093E /* XCUIElement+Extensions.swift */ = {isa = PBXFileReference; lastKnownFileType = sourcecode.swift; path = "XCUIElement+Extensions.swift"; sourceTree = "<group>"; };
		FB03E4622F6F371A00B3C6BF /* BorderedViewModifier.swift */ = {isa = PBXFileReference; lastKnownFileType = sourcecode.swift; path = BorderedViewModifier.swift; sourceTree = "<group>"; };
		FB03E4632F6F371A00B3C6BF /* GroupedPackageStyleModifier.swift */ = {isa = PBXFileReference; lastKnownFileType = sourcecode.swift; path = GroupedPackageStyleModifier.swift; sourceTree = "<group>"; };
		FB03E4642F6F371A00B3C6BF /* RippleSpinnerModifier.swift */ = {isa = PBXFileReference; lastKnownFileType = sourcecode.swift; path = RippleSpinnerModifier.swift; sourceTree = "<group>"; };
		FB03E4652F6F371A00B3C6BF /* RoundedIndicatorViewModifier.swift */ = {isa = PBXFileReference; lastKnownFileType = sourcecode.swift; path = RoundedIndicatorViewModifier.swift; sourceTree = "<group>"; };
		FB03E4662F6F371A00B3C6BF /* ToastModifier.swift */ = {isa = PBXFileReference; lastKnownFileType = sourcecode.swift; path = ToastModifier.swift; sourceTree = "<group>"; };
		FB03E4682F6F371A00B3C6BF /* CourierTextFieldStyle.swift */ = {isa = PBXFileReference; lastKnownFileType = sourcecode.swift; path = CourierTextFieldStyle.swift; sourceTree = "<group>"; };
		FB03E46A2F6F371A00B3C6BF /* AccessibilityIdentifiers.swift */ = {isa = PBXFileReference; lastKnownFileType = sourcecode.swift; path = AccessibilityIdentifiers.swift; sourceTree = "<group>"; };
		FB03E46B2F6F371A00B3C6BF /* Bundle+Extension.swift */ = {isa = PBXFileReference; lastKnownFileType = sourcecode.swift; path = "Bundle+Extension.swift"; sourceTree = "<group>"; };
		FB03E46C2F6F371A00B3C6BF /* Color+Extension.swift */ = {isa = PBXFileReference; lastKnownFileType = sourcecode.swift; path = "Color+Extension.swift"; sourceTree = "<group>"; };
		FB03E46D2F6F371A00B3C6BF /* HeaderView.swift */ = {isa = PBXFileReference; lastKnownFileType = sourcecode.swift; path = HeaderView.swift; sourceTree = "<group>"; };
		FB03E46E2F6F371A00B3C6BF /* PackagePlaceholderView.swift */ = {isa = PBXFileReference; lastKnownFileType = sourcecode.swift; path = PackagePlaceholderView.swift; sourceTree = "<group>"; };
		FB03E46F2F6F371A00B3C6BF /* RippleSpinnerView.swift */ = {isa = PBXFileReference; lastKnownFileType = sourcecode.swift; path = RippleSpinnerView.swift; sourceTree = "<group>"; };
		FB03E4702F6F371A00B3C6BF /* Storage.swift */ = {isa = PBXFileReference; lastKnownFileType = sourcecode.swift; path = Storage.swift; sourceTree = "<group>"; };
		FB03E4712F6F371A00B3C6BF /* ToastView.swift */ = {isa = PBXFileReference; lastKnownFileType = sourcecode.swift; path = ToastView.swift; sourceTree = "<group>"; };
		FB03E4732F6F371A00B3C6BF /* HomeView.swift */ = {isa = PBXFileReference; lastKnownFileType = sourcecode.swift; path = HomeView.swift; sourceTree = "<group>"; };
		FB03E4742F6F371A00B3C6BF /* HomeViewModel.swift */ = {isa = PBXFileReference; lastKnownFileType = sourcecode.swift; path = HomeViewModel.swift; sourceTree = "<group>"; };
		FB03E4762F6F371A00B3C6BF /* LoginView.swift */ = {isa = PBXFileReference; lastKnownFileType = sourcecode.swift; path = LoginView.swift; sourceTree = "<group>"; };
		FB03E4772F6F371A00B3C6BF /* LoginViewModel.swift */ = {isa = PBXFileReference; lastKnownFileType = sourcecode.swift; path = LoginViewModel.swift; sourceTree = "<group>"; };
		FB03E4792F6F371A00B3C6BF /* Coordinator.swift */ = {isa = PBXFileReference; lastKnownFileType = sourcecode.swift; path = Coordinator.swift; sourceTree = "<group>"; };
		FB03E47B2F6F371A00B3C6BF /* GroupedPackageReadyView.swift */ = {isa = PBXFileReference; lastKnownFileType = sourcecode.swift; path = GroupedPackageReadyView.swift; sourceTree = "<group>"; };
		FB03E47C2F6F371A00B3C6BF /* PackagesForWithdrawalView.swift */ = {isa = PBXFileReference; lastKnownFileType = sourcecode.swift; path = PackagesForWithdrawalView.swift; sourceTree = "<group>"; };
		FB03E47D2F6F371A00B3C6BF /* PackagesForWithdrawalViewModel.swift */ = {isa = PBXFileReference; lastKnownFileType = sourcecode.swift; path = PackagesForWithdrawalViewModel.swift; sourceTree = "<group>"; };
		FB03E47F2F6F371A00B3C6BF /* AddressEntityMock.swift */ = {isa = PBXFileReference; lastKnownFileType = sourcecode.swift; path = AddressEntityMock.swift; sourceTree = "<group>"; };
		FB03E4802F6F371A00B3C6BF /* AddressesRepositoryMock.swift */ = {isa = PBXFileReference; lastKnownFileType = sourcecode.swift; path = AddressesRepositoryMock.swift; sourceTree = "<group>"; };
		FB03E4812F6F371A00B3C6BF /* AppDataMock.swift */ = {isa = PBXFileReference; lastKnownFileType = sourcecode.swift; path = AppDataMock.swift; sourceTree = "<group>"; };
		FB03E4822F6F371A00B3C6BF /* AppDIContainerMock.swift */ = {isa = PBXFileReference; lastKnownFileType = sourcecode.swift; path = AppDIContainerMock.swift; sourceTree = "<group>"; };
		FB03E4832F6F371A00B3C6BF /* AuthRepositoryMock.swift */ = {isa = PBXFileReference; lastKnownFileType = sourcecode.swift; path = AuthRepositoryMock.swift; sourceTree = "<group>"; };
		FB03E4842F6F371A00B3C6BF /* HomeViewModelMock.swift */ = {isa = PBXFileReference; lastKnownFileType = sourcecode.swift; path = HomeViewModelMock.swift; sourceTree = "<group>"; };
		FB03E4852F6F371A00B3C6BF /* LoginViewModelMock.swift */ = {isa = PBXFileReference; lastKnownFileType = sourcecode.swift; path = LoginViewModelMock.swift; sourceTree = "<group>"; };
		FB03E4862F6F371A00B3C6BF /* PackagesForWithdrawalViewModelMock.swift */ = {isa = PBXFileReference; lastKnownFileType = sourcecode.swift; path = PackagesForWithdrawalViewModelMock.swift; sourceTree = "<group>"; };
		FB03E4872F6F371A00B3C6BF /* PackagesRepositoryMock.swift */ = {isa = PBXFileReference; lastKnownFileType = sourcecode.swift; path = PackagesRepositoryMock.swift; sourceTree = "<group>"; };
		FB03E4882F6F371A00B3C6BF /* SettingsViewModelMock.swift */ = {isa = PBXFileReference; lastKnownFileType = sourcecode.swift; path = SettingsViewModelMock.swift; sourceTree = "<group>"; };
		FB03E4892F6F371A00B3C6BF /* StorageMock.swift */ = {isa = PBXFileReference; lastKnownFileType = sourcecode.swift; path = StorageMock.swift; sourceTree = "<group>"; };
		FB03E48A2F6F371A00B3C6BF /* WithdrawnPackagesViewModelMock.swift */ = {isa = PBXFileReference; lastKnownFileType = sourcecode.swift; path = WithdrawnPackagesViewModelMock.swift; sourceTree = "<group>"; };
		FB03E48C2F6F371A00B3C6BF /* ProfileView.swift */ = {isa = PBXFileReference; lastKnownFileType = sourcecode.swift; path = ProfileView.swift; sourceTree = "<group>"; };
		FB03E48D2F6F371A00B3C6BF /* RowView.swift */ = {isa = PBXFileReference; lastKnownFileType = sourcecode.swift; path = RowView.swift; sourceTree = "<group>"; };
		FB03E48E2F6F371A00B3C6BF /* ShipmentRowView.swift */ = {isa = PBXFileReference; lastKnownFileType = sourcecode.swift; path = ShipmentRowView.swift; sourceTree = "<group>"; };
		FB03E4902F6F371A00B3C6BF /* SettingsView.swift */ = {isa = PBXFileReference; lastKnownFileType = sourcecode.swift; path = SettingsView.swift; sourceTree = "<group>"; };
		FB03E4912F6F371A00B3C6BF /* SettingsViewModel.swift */ = {isa = PBXFileReference; lastKnownFileType = sourcecode.swift; path = SettingsViewModel.swift; sourceTree = "<group>"; };
		FB03E4932F6F371A00B3C6BF /* ShipmentDetailView.swift */ = {isa = PBXFileReference; lastKnownFileType = sourcecode.swift; path = ShipmentDetailView.swift; sourceTree = "<group>"; };
		FB03E4952F6F371A00B3C6BF /* GroupedPackageRowView.swift */ = {isa = PBXFileReference; lastKnownFileType = sourcecode.swift; path = GroupedPackageRowView.swift; sourceTree = "<group>"; };
		FB03E4962F6F371A00B3C6BF /* WithdrawnPackagesView.swift */ = {isa = PBXFileReference; lastKnownFileType = sourcecode.swift; path = WithdrawnPackagesView.swift; sourceTree = "<group>"; };
		FB03E4972F6F371A00B3C6BF /* WithdrawnPackagesViewModel.swift */ = {isa = PBXFileReference; lastKnownFileType = sourcecode.swift; path = WithdrawnPackagesViewModel.swift; sourceTree = "<group>"; };
		FB03E4992F6F371A00B3C6BF /* CoordinatorRootView.swift */ = {isa = PBXFileReference; lastKnownFileType = sourcecode.swift; path = CoordinatorRootView.swift; sourceTree = "<group>"; };
		FB03E49A2F6F371A00B3C6BF /* DIContainerProtocol.swift */ = {isa = PBXFileReference; lastKnownFileType = sourcecode.swift; path = DIContainerProtocol.swift; sourceTree = "<group>"; };
		FB03E49B2F6F371A00B3C6BF /* MobileCourierAppPresentation.swift */ = {isa = PBXFileReference; lastKnownFileType = sourcecode.swift; path = MobileCourierAppPresentation.swift; sourceTree = "<group>"; };
		FB03E4CB2F6F387B00B3C6BF /* AddressesEntity.swift */ = {isa = PBXFileReference; lastKnownFileType = sourcecode.swift; path = AddressesEntity.swift; sourceTree = "<group>"; };
		FB03E4CC2F6F387B00B3C6BF /* GroupedPackageEntity.swift */ = {isa = PBXFileReference; lastKnownFileType = sourcecode.swift; path = GroupedPackageEntity.swift; sourceTree = "<group>"; };
		FB03E4CD2F6F387B00B3C6BF /* LoginEntity.swift */ = {isa = PBXFileReference; lastKnownFileType = sourcecode.swift; path = LoginEntity.swift; sourceTree = "<group>"; };
		FB03E4CE2F6F387B00B3C6BF /* PackageEntity.swift */ = {isa = PBXFileReference; lastKnownFileType = sourcecode.swift; path = PackageEntity.swift; sourceTree = "<group>"; };
		FB03E4CF2F6F387B00B3C6BF /* ShipmentStatus.swift */ = {isa = PBXFileReference; lastKnownFileType = sourcecode.swift; path = ShipmentStatus.swift; sourceTree = "<group>"; };
		FB03E4D12F6F387B00B3C6BF /* Date+Domain.swift */ = {isa = PBXFileReference; lastKnownFileType = sourcecode.swift; path = "Date+Domain.swift"; sourceTree = "<group>"; };
		FB03E4D22F6F387B00B3C6BF /* NSDecimalNumber+Domain.swift */ = {isa = PBXFileReference; lastKnownFileType = sourcecode.swift; path = "NSDecimalNumber+Domain.swift"; sourceTree = "<group>"; };
		FB03E4D32F6F387B00B3C6BF /* String+Domain.swift */ = {isa = PBXFileReference; lastKnownFileType = sourcecode.swift; path = "String+Domain.swift"; sourceTree = "<group>"; };
		FB03E4D52F6F387B00B3C6BF /* DateFormatType.swift */ = {isa = PBXFileReference; lastKnownFileType = sourcecode.swift; path = DateFormatType.swift; sourceTree = "<group>"; };
		FB03E4D72F6F387B00B3C6BF /* AddressRepositoryProtocol.swift */ = {isa = PBXFileReference; lastKnownFileType = sourcecode.swift; path = AddressRepositoryProtocol.swift; sourceTree = "<group>"; };
		FB03E4D82F6F387B00B3C6BF /* AuthRepositoryProtocol.swift */ = {isa = PBXFileReference; lastKnownFileType = sourcecode.swift; path = AuthRepositoryProtocol.swift; sourceTree = "<group>"; };
		FB03E4D92F6F387B00B3C6BF /* PackagesRepositoryProtocol.swift */ = {isa = PBXFileReference; lastKnownFileType = sourcecode.swift; path = PackagesRepositoryProtocol.swift; sourceTree = "<group>"; };
		FB03E4DB2F6F387B00B3C6BF /* AppData.swift */ = {isa = PBXFileReference; lastKnownFileType = sourcecode.swift; path = AppData.swift; sourceTree = "<group>"; };
		FB03E4DC2F6F387B00B3C6BF /* mobile_courier_app_domain.swift */ = {isa = PBXFileReference; lastKnownFileType = sourcecode.swift; path = mobile_courier_app_domain.swift; sourceTree = "<group>"; };
		FB03E4EE2F6F3AC900B3C6BF /* AddressRespository.swift */ = {isa = PBXFileReference; lastKnownFileType = sourcecode.swift; path = AddressRespository.swift; sourceTree = "<group>"; };
		FB03E4EF2F6F3AC900B3C6BF /* AuthRepository.swift */ = {isa = PBXFileReference; lastKnownFileType = sourcecode.swift; path = AuthRepository.swift; sourceTree = "<group>"; };
		FB03E4F02F6F3AC900B3C6BF /* PackagesRepository.swift */ = {isa = PBXFileReference; lastKnownFileType = sourcecode.swift; path = PackagesRepository.swift; sourceTree = "<group>"; };
		FB03E4F22F6F3AC900B3C6BF /* AddressEndpoints.swift */ = {isa = PBXFileReference; lastKnownFileType = sourcecode.swift; path = AddressEndpoints.swift; sourceTree = "<group>"; };
		FB03E4F32F6F3AC900B3C6BF /* AuthEndpoints.swift */ = {isa = PBXFileReference; lastKnownFileType = sourcecode.swift; path = AuthEndpoints.swift; sourceTree = "<group>"; };
		FB03E4F42F6F3AC900B3C6BF /* Endpoint.swift */ = {isa = PBXFileReference; lastKnownFileType = sourcecode.swift; path = Endpoint.swift; sourceTree = "<group>"; };
		FB03E4F52F6F3AC900B3C6BF /* PackageEndpoints.swift */ = {isa = PBXFileReference; lastKnownFileType = sourcecode.swift; path = PackageEndpoints.swift; sourceTree = "<group>"; };
		FB03E4F72F6F3AC900B3C6BF /* Data+Data.swift */ = {isa = PBXFileReference; lastKnownFileType = sourcecode.swift; path = "Data+Data.swift"; sourceTree = "<group>"; };
		FB03E4F92F6F3AC900B3C6BF /* AddressesModel.swift */ = {isa = PBXFileReference; lastKnownFileType = sourcecode.swift; path = AddressesModel.swift; sourceTree = "<group>"; };
		FB03E4FA2F6F3AC900B3C6BF /* LoginModel.swift */ = {isa = PBXFileReference; lastKnownFileType = sourcecode.swift; path = LoginModel.swift; sourceTree = "<group>"; };
		FB03E4FB2F6F3AC900B3C6BF /* PackagesModel.swift */ = {isa = PBXFileReference; lastKnownFileType = sourcecode.swift; path = PackagesModel.swift; sourceTree = "<group>"; };
		FB03E4FD2F6F3AC900B3C6BF /* APIRequestClient.swift */ = {isa = PBXFileReference; lastKnownFileType = sourcecode.swift; path = APIRequestClient.swift; sourceTree = "<group>"; };
		FB03E4FE2F6F3AC900B3C6BF /* CustomSessionDelegate.swift */ = {isa = PBXFileReference; lastKnownFileType = sourcecode.swift; path = CustomSessionDelegate.swift; sourceTree = "<group>"; };
		FB03E5002F6F3AC900B3C6BF /* MobileCourierData.swift */ = {isa = PBXFileReference; lastKnownFileType = sourcecode.swift; path = MobileCourierData.swift; sourceTree = "<group>"; };
		FBA6D5902F7866AA007303F8 /* ViewModelFactory.swift */ = {isa = PBXFileReference; lastKnownFileType = sourcecode.swift; path = ViewModelFactory.swift; sourceTree = "<group>"; };
/* End PBXFileReference section */

/* Begin PBXFileSystemSynchronizedRootGroup section */
		FB03E5102F6F3ADD00B3C6BF /* Resources */ = {isa = PBXFileSystemSynchronizedRootGroup; explicitFileTypes = {}; explicitFolders = (); path = Resources; sourceTree = "<group>"; };
/* End PBXFileSystemSynchronizedRootGroup section */

/* Begin PBXFrameworksBuildPhase section */
		1B58EF702BE6BBE90066F447 /* Frameworks */ = {
			isa = PBXFrameworksBuildPhase;
			buildActionMask = 2147483647;
			files = (
			);
			runOnlyForDeploymentPostprocessing = 0;
		};
		1B58EF812BE6BBEA0066F447 /* Frameworks */ = {
			isa = PBXFrameworksBuildPhase;
			buildActionMask = 2147483647;
			files = (
			);
			runOnlyForDeploymentPostprocessing = 0;
		};
		1B58EF8B2BE6BBEA0066F447 /* Frameworks */ = {
			isa = PBXFrameworksBuildPhase;
			buildActionMask = 2147483647;
			files = (
			);
			runOnlyForDeploymentPostprocessing = 0;
		};
/* End PBXFrameworksBuildPhase section */

/* Begin PBXGroup section */
		1B58EF6A2BE6BBE90066F447 = {
			isa = PBXGroup;
			children = (
				1B58EF752BE6BBE90066F447 /* mobile-courier-app */,
				1B58EF872BE6BBEA0066F447 /* mobile-courier-appTests */,
				1B58EF912BE6BBEA0066F447 /* mobile-courier-appUITests */,
				1B58EF742BE6BBE90066F447 /* Products */,
				1B9D15A02C02D904001F47E8 /* Frameworks */,
			);
			sourceTree = "<group>";
		};
		1B58EF742BE6BBE90066F447 /* Products */ = {
			isa = PBXGroup;
			children = (
				1B58EF732BE6BBE90066F447 /* mobile-courier-app.app */,
				1B58EF842BE6BBEA0066F447 /* mobile-courier-appTests.xctest */,
				1B58EF8E2BE6BBEA0066F447 /* mobile-courier-appUITests.xctest */,
			);
			name = Products;
			sourceTree = "<group>";
		};
		1B58EF752BE6BBE90066F447 /* mobile-courier-app */ = {
			isa = PBXGroup;
			children = (
				1B5E849D2C267F7B00EDFDE2 /* App */,
				FB03E5012F6F3AC900B3C6BF /* Data */,
				FB03E4DD2F6F387B00B3C6BF /* Domain */,
				FB03E49C2F6F371A00B3C6BF /* Presentation */,
				1BE63F722BE98ADD0016A26E /* Info.plist */,
				1B58EF7A2BE6BBEA0066F447 /* Assets.xcassets */,
				1B58EF7C2BE6BBEA0066F447 /* mobile_courier_app.entitlements */,
				1B58EF7D2BE6BBEA0066F447 /* Preview Content */,
				FB03E5102F6F3ADD00B3C6BF /* Resources */,
				1B58EFAA2BE6C1F30066F447 /* LaunchScreen.storyboard */,
			);
			path = "mobile-courier-app";
			sourceTree = "<group>";
		};
		1B58EF7D2BE6BBEA0066F447 /* Preview Content */ = {
			isa = PBXGroup;
			children = (
				1B58EF7E2BE6BBEA0066F447 /* Preview Assets.xcassets */,
			);
			path = "Preview Content";
			sourceTree = "<group>";
		};
		1B58EF872BE6BBEA0066F447 /* mobile-courier-appTests */ = {
			isa = PBXGroup;
			children = (
				1BE58CAB2C05755100C7DF63 /* Doubles */,
				1B58EF882BE6BBEA0066F447 /* LoginViewModelTests.swift */,
			);
			path = "mobile-courier-appTests";
			sourceTree = "<group>";
		};
		1B58EF912BE6BBEA0066F447 /* mobile-courier-appUITests */ = {
			isa = PBXGroup;
			children = (
				1BE783832C2E61E100D2093E /* Extensions */,
				1BE7837C2C2E619A00D2093E /* Screens */,
				1B58EF922BE6BBEA0066F447 /* MobileCourierAppUITests.swift */,
			);
			path = "mobile-courier-appUITests";
			sourceTree = "<group>";
		};
		1B5E849D2C267F7B00EDFDE2 /* App */ = {
			isa = PBXGroup;
			children = (
				1B58EF762BE6BBE90066F447 /* MobileCourierApp.swift */,
				1B5E84A02C267FE200EDFDE2 /* AppDIContainer.swift */,
				1BE63F702BE980D60016A26E /* UserDefaultsStorage.swift */,
			);
			path = App;
			sourceTree = "<group>";
		};
		1B9D15A02C02D904001F47E8 /* Frameworks */ = {
			isa = PBXGroup;
			children = (
			);
			name = Frameworks;
			sourceTree = "<group>";
		};
		1BE58CAB2C05755100C7DF63 /* Doubles */ = {
			isa = PBXGroup;
			children = (
				1BE58CAC2C05755600C7DF63 /* Spy */,
			);
			path = Doubles;
			sourceTree = "<group>";
		};
		1BE58CAC2C05755600C7DF63 /* Spy */ = {
			isa = PBXGroup;
			children = (
				1BE58CAD2C05757000C7DF63 /* AuthRepositorySpy.swift */,
				1BE58CAF2C05757C00C7DF63 /* StorageSpy.swift */,
			);
			path = Spy;
			sourceTree = "<group>";
		};
		1BE7837C2C2E619A00D2093E /* Screens */ = {
			isa = PBXGroup;
			children = (
				1BE7837D2C2E61BE00D2093E /* LoginScreen.swift */,
				1BE7837F2C2E61CA00D2093E /* HomeScreen.swift */,
				1BE783812C2E61D400D2093E /* Screen.swift */,
			);
			path = Screens;
			sourceTree = "<group>";
		};
		1BE783832C2E61E100D2093E /* Extensions */ = {
			isa = PBXGroup;
			children = (
				1BE783842C2E630000D2093E /* XCUIElement+Extensions.swift */,
			);
			path = Extensions;
			sourceTree = "<group>";
		};
		FB03E4672F6F371A00B3C6BF /* Modifiers */ = {
			isa = PBXGroup;
			children = (
				FB03E4622F6F371A00B3C6BF /* BorderedViewModifier.swift */,
				FB03E4632F6F371A00B3C6BF /* GroupedPackageStyleModifier.swift */,
				FB03E4642F6F371A00B3C6BF /* RippleSpinnerModifier.swift */,
				FB03E4652F6F371A00B3C6BF /* RoundedIndicatorViewModifier.swift */,
				FB03E4662F6F371A00B3C6BF /* ToastModifier.swift */,
			);
			path = Modifiers;
			sourceTree = "<group>";
		};
		FB03E4692F6F371A00B3C6BF /* Styles */ = {
			isa = PBXGroup;
			children = (
				FB03E4682F6F371A00B3C6BF /* CourierTextFieldStyle.swift */,
			);
			path = Styles;
			sourceTree = "<group>";
		};
		FB03E4722F6F371A00B3C6BF /* Helpers */ = {
			isa = PBXGroup;
			children = (
				FB03E4672F6F371A00B3C6BF /* Modifiers */,
				FB03E4692F6F371A00B3C6BF /* Styles */,
				FB03E46A2F6F371A00B3C6BF /* AccessibilityIdentifiers.swift */,
				FB03E46B2F6F371A00B3C6BF /* Bundle+Extension.swift */,
				FB03E46C2F6F371A00B3C6BF /* Color+Extension.swift */,
				FB03E46D2F6F371A00B3C6BF /* HeaderView.swift */,
				FB03E46E2F6F371A00B3C6BF /* PackagePlaceholderView.swift */,
				FB03E46F2F6F371A00B3C6BF /* RippleSpinnerView.swift */,
				FB03E4702F6F371A00B3C6BF /* Storage.swift */,
				FB03E4712F6F371A00B3C6BF /* ToastView.swift */,
			);
			path = Helpers;
			sourceTree = "<group>";
		};
		FB03E4752F6F371A00B3C6BF /* Home */ = {
			isa = PBXGroup;
			children = (
				FB03E4732F6F371A00B3C6BF /* HomeView.swift */,
				FB03E4742F6F371A00B3C6BF /* HomeViewModel.swift */,
			);
			path = Home;
			sourceTree = "<group>";
		};
		FB03E4782F6F371A00B3C6BF /* Login */ = {
			isa = PBXGroup;
			children = (
				FB03E4762F6F371A00B3C6BF /* LoginView.swift */,
				FB03E4772F6F371A00B3C6BF /* LoginViewModel.swift */,
			);
			path = Login;
			sourceTree = "<group>";
		};
		FB03E47A2F6F371A00B3C6BF /* Navigation */ = {
			isa = PBXGroup;
			children = (
				FB03E4792F6F371A00B3C6BF /* Coordinator.swift */,
				FBA6D5902F7866AA007303F8 /* ViewModelFactory.swift */,
			);
			path = Navigation;
			sourceTree = "<group>";
		};
		FB03E47E2F6F371A00B3C6BF /* PackagesForWithdrawal */ = {
			isa = PBXGroup;
			children = (
				FB03E47B2F6F371A00B3C6BF /* GroupedPackageReadyView.swift */,
				FB03E47C2F6F371A00B3C6BF /* PackagesForWithdrawalView.swift */,
				FB03E47D2F6F371A00B3C6BF /* PackagesForWithdrawalViewModel.swift */,
			);
			path = PackagesForWithdrawal;
			sourceTree = "<group>";
		};
		FB03E48B2F6F371A00B3C6BF /* Previews */ = {
			isa = PBXGroup;
			children = (
				FB03E47F2F6F371A00B3C6BF /* AddressEntityMock.swift */,
				FB03E4802F6F371A00B3C6BF /* AddressesRepositoryMock.swift */,
				FB03E4812F6F371A00B3C6BF /* AppDataMock.swift */,
				FB03E4822F6F371A00B3C6BF /* AppDIContainerMock.swift */,
				FB03E4832F6F371A00B3C6BF /* AuthRepositoryMock.swift */,
				FB03E4842F6F371A00B3C6BF /* HomeViewModelMock.swift */,
				FB03E4852F6F371A00B3C6BF /* LoginViewModelMock.swift */,
				FB03E4862F6F371A00B3C6BF /* PackagesForWithdrawalViewModelMock.swift */,
				FB03E4872F6F371A00B3C6BF /* PackagesRepositoryMock.swift */,
				FB03E4882F6F371A00B3C6BF /* SettingsViewModelMock.swift */,
				FB03E4892F6F371A00B3C6BF /* StorageMock.swift */,
				FB03E48A2F6F371A00B3C6BF /* WithdrawnPackagesViewModelMock.swift */,
			);
			path = Previews;
			sourceTree = "<group>";
		};
		FB03E48F2F6F371A00B3C6BF /* Profile */ = {
			isa = PBXGroup;
			children = (
				FB03E48C2F6F371A00B3C6BF /* ProfileView.swift */,
				FB03E48D2F6F371A00B3C6BF /* RowView.swift */,
				FB03E48E2F6F371A00B3C6BF /* ShipmentRowView.swift */,
			);
			path = Profile;
			sourceTree = "<group>";
		};
		FB03E4922F6F371A00B3C6BF /* Settings */ = {
			isa = PBXGroup;
			children = (
				FB03E4902F6F371A00B3C6BF /* SettingsView.swift */,
				FB03E4912F6F371A00B3C6BF /* SettingsViewModel.swift */,
			);
			path = Settings;
			sourceTree = "<group>";
		};
		FB03E4942F6F371A00B3C6BF /* ShipmentDetail */ = {
			isa = PBXGroup;
			children = (
				FB03E4932F6F371A00B3C6BF /* ShipmentDetailView.swift */,
			);
			path = ShipmentDetail;
			sourceTree = "<group>";
		};
		FB03E4982F6F371A00B3C6BF /* WithdrawnPackages */ = {
			isa = PBXGroup;
			children = (
				FB03E4952F6F371A00B3C6BF /* GroupedPackageRowView.swift */,
				FB03E4962F6F371A00B3C6BF /* WithdrawnPackagesView.swift */,
				FB03E4972F6F371A00B3C6BF /* WithdrawnPackagesViewModel.swift */,
			);
			path = WithdrawnPackages;
			sourceTree = "<group>";
		};
		FB03E49C2F6F371A00B3C6BF /* Presentation */ = {
			isa = PBXGroup;
			children = (
				FB03E4722F6F371A00B3C6BF /* Helpers */,
				FB03E4752F6F371A00B3C6BF /* Home */,
				FB03E4782F6F371A00B3C6BF /* Login */,
				FB03E47A2F6F371A00B3C6BF /* Navigation */,
				FB03E47E2F6F371A00B3C6BF /* PackagesForWithdrawal */,
				FB03E48B2F6F371A00B3C6BF /* Previews */,
				FB03E48F2F6F371A00B3C6BF /* Profile */,
				FB03E4922F6F371A00B3C6BF /* Settings */,
				FB03E4942F6F371A00B3C6BF /* ShipmentDetail */,
				FB03E4982F6F371A00B3C6BF /* WithdrawnPackages */,
				FB03E4992F6F371A00B3C6BF /* CoordinatorRootView.swift */,
				FB03E49A2F6F371A00B3C6BF /* DIContainerProtocol.swift */,
				FB03E49B2F6F371A00B3C6BF /* MobileCourierAppPresentation.swift */,
			);
			path = Presentation;
			sourceTree = "<group>";
		};
		FB03E4D02F6F387B00B3C6BF /* Entities */ = {
			isa = PBXGroup;
			children = (
				FB03E4CB2F6F387B00B3C6BF /* AddressesEntity.swift */,
				FB03E4CC2F6F387B00B3C6BF /* GroupedPackageEntity.swift */,
				FB03E4CD2F6F387B00B3C6BF /* LoginEntity.swift */,
				FB03E4CE2F6F387B00B3C6BF /* PackageEntity.swift */,
				FB03E4CF2F6F387B00B3C6BF /* ShipmentStatus.swift */,
			);
			path = Entities;
			sourceTree = "<group>";
		};
		FB03E4D42F6F387B00B3C6BF /* Extensions */ = {
			isa = PBXGroup;
			children = (
				FB03E4D12F6F387B00B3C6BF /* Date+Domain.swift */,
				FB03E4D22F6F387B00B3C6BF /* NSDecimalNumber+Domain.swift */,
				FB03E4D32F6F387B00B3C6BF /* String+Domain.swift */,
			);
			path = Extensions;
			sourceTree = "<group>";
		};
		FB03E4D62F6F387B00B3C6BF /* Helpers */ = {
			isa = PBXGroup;
			children = (
				FB03E4D52F6F387B00B3C6BF /* DateFormatType.swift */,
			);
			path = Helpers;
			sourceTree = "<group>";
		};
		FB03E4DA2F6F387B00B3C6BF /* Repositories */ = {
			isa = PBXGroup;
			children = (
				FB03E4D72F6F387B00B3C6BF /* AddressRepositoryProtocol.swift */,
				FB03E4D82F6F387B00B3C6BF /* AuthRepositoryProtocol.swift */,
				FB03E4D92F6F387B00B3C6BF /* PackagesRepositoryProtocol.swift */,
			);
			path = Repositories;
			sourceTree = "<group>";
		};
		FB03E4DD2F6F387B00B3C6BF /* Domain */ = {
			isa = PBXGroup;
			children = (
				FB03E4D02F6F387B00B3C6BF /* Entities */,
				FB03E4D42F6F387B00B3C6BF /* Extensions */,
				FB03E4D62F6F387B00B3C6BF /* Helpers */,
				FB03E4DA2F6F387B00B3C6BF /* Repositories */,
				FB03E4DB2F6F387B00B3C6BF /* AppData.swift */,
				FB03E4DC2F6F387B00B3C6BF /* mobile_courier_app_domain.swift */,
			);
			path = Domain;
			sourceTree = "<group>";
		};
		FB03E4F12F6F3AC900B3C6BF /* ConcreteRepositories */ = {
			isa = PBXGroup;
			children = (
				FB03E4EE2F6F3AC900B3C6BF /* AddressRespository.swift */,
				FB03E4EF2F6F3AC900B3C6BF /* AuthRepository.swift */,
				FB03E4F02F6F3AC900B3C6BF /* PackagesRepository.swift */,
			);
			path = ConcreteRepositories;
			sourceTree = "<group>";
		};
		FB03E4F62F6F3AC900B3C6BF /* Endpoints */ = {
			isa = PBXGroup;
			children = (
				FB03E4F22F6F3AC900B3C6BF /* AddressEndpoints.swift */,
				FB03E4F32F6F3AC900B3C6BF /* AuthEndpoints.swift */,
				FB03E4F42F6F3AC900B3C6BF /* Endpoint.swift */,
				FB03E4F52F6F3AC900B3C6BF /* PackageEndpoints.swift */,
			);
			path = Endpoints;
			sourceTree = "<group>";
		};
		FB03E4F82F6F3AC900B3C6BF /* Extensions */ = {
			isa = PBXGroup;
			children = (
				FB03E4F72F6F3AC900B3C6BF /* Data+Data.swift */,
			);
			path = Extensions;
			sourceTree = "<group>";
		};
		FB03E4FC2F6F3AC900B3C6BF /* Models */ = {
			isa = PBXGroup;
			children = (
				FB03E4F92F6F3AC900B3C6BF /* AddressesModel.swift */,
				FB03E4FA2F6F3AC900B3C6BF /* LoginModel.swift */,
				FB03E4FB2F6F3AC900B3C6BF /* PackagesModel.swift */,
			);
			path = Models;
			sourceTree = "<group>";
		};
		FB03E4FF2F6F3AC900B3C6BF /* Networking */ = {
			isa = PBXGroup;
			children = (
				FB03E4F62F6F3AC900B3C6BF /* Endpoints */,
				FB03E4F82F6F3AC900B3C6BF /* Extensions */,
				FB03E4FC2F6F3AC900B3C6BF /* Models */,
				FB03E4FD2F6F3AC900B3C6BF /* APIRequestClient.swift */,
				FB03E4FE2F6F3AC900B3C6BF /* CustomSessionDelegate.swift */,
			);
			path = Networking;
			sourceTree = "<group>";
		};
		FB03E5012F6F3AC900B3C6BF /* Data */ = {
			isa = PBXGroup;
			children = (
				FB03E4F12F6F3AC900B3C6BF /* ConcreteRepositories */,
				FB03E4FF2F6F3AC900B3C6BF /* Networking */,
				FB03E5002F6F3AC900B3C6BF /* MobileCourierData.swift */,
			);
			path = Data;
			sourceTree = "<group>";
		};
/* End PBXGroup section */

/* Begin PBXNativeTarget section */
		1B58EF722BE6BBE90066F447 /* mobile-courier-app */ = {
			isa = PBXNativeTarget;
			buildConfigurationList = 1B58EF982BE6BBEA0066F447 /* Build configuration list for PBXNativeTarget "mobile-courier-app" */;
			buildPhases = (
				1B58EF6F2BE6BBE90066F447 /* Sources */,
				1B9D15A32C02DAF8001F47E8 /* Swiftlint */,
				1B58EF702BE6BBE90066F447 /* Frameworks */,
				1B58EF712BE6BBE90066F447 /* Resources */,
			);
			buildRules = (
			);
			dependencies = (
			);
			fileSystemSynchronizedGroups = (
				FB03E5102F6F3ADD00B3C6BF /* Resources */,
			);
			name = "mobile-courier-app";
			packageProductDependencies = (
			);
			productName = "mobile-courier-app";
			productReference = 1B58EF732BE6BBE90066F447 /* mobile-courier-app.app */;
			productType = "com.apple.product-type.application";
		};
		1B58EF832BE6BBEA0066F447 /* mobile-courier-appTests */ = {
			isa = PBXNativeTarget;
			buildConfigurationList = 1B58EF9B2BE6BBEA0066F447 /* Build configuration list for PBXNativeTarget "mobile-courier-appTests" */;
			buildPhases = (
				1B58EF802BE6BBEA0066F447 /* Sources */,
				1B58EF812BE6BBEA0066F447 /* Frameworks */,
				1B58EF822BE6BBEA0066F447 /* Resources */,
			);
			buildRules = (
			);
			dependencies = (
				1B58EF862BE6BBEA0066F447 /* PBXTargetDependency */,
			);
			name = "mobile-courier-appTests";
			productName = "mobile-courier-appTests";
			productReference = 1B58EF842BE6BBEA0066F447 /* mobile-courier-appTests.xctest */;
			productType = "com.apple.product-type.bundle.unit-test";
		};
		1B58EF8D2BE6BBEA0066F447 /* mobile-courier-appUITests */ = {
			isa = PBXNativeTarget;
			buildConfigurationList = 1B58EF9E2BE6BBEA0066F447 /* Build configuration list for PBXNativeTarget "mobile-courier-appUITests" */;
			buildPhases = (
				1B58EF8A2BE6BBEA0066F447 /* Sources */,
				1B58EF8B2BE6BBEA0066F447 /* Frameworks */,
				1B58EF8C2BE6BBEA0066F447 /* Resources */,
			);
			buildRules = (
			);
			dependencies = (
				1B58EF902BE6BBEA0066F447 /* PBXTargetDependency */,
			);
			name = "mobile-courier-appUITests";
			productName = "mobile-courier-appUITests";
			productReference = 1B58EF8E2BE6BBEA0066F447 /* mobile-courier-appUITests.xctest */;
			productType = "com.apple.product-type.bundle.ui-testing";
		};
/* End PBXNativeTarget section */

/* Begin PBXProject section */
		1B58EF6B2BE6BBE90066F447 /* Project object */ = {
			isa = PBXProject;
			attributes = {
				BuildIndependentTargetsInParallel = 1;
				LastSwiftUpdateCheck = 1530;
				LastUpgradeCheck = 1530;
				TargetAttributes = {
					1B58EF722BE6BBE90066F447 = {
						CreatedOnToolsVersion = 15.3;
					};
					1B58EF832BE6BBEA0066F447 = {
						CreatedOnToolsVersion = 15.3;
						TestTargetID = 1B58EF722BE6BBE90066F447;
					};
					1B58EF8D2BE6BBEA0066F447 = {
						CreatedOnToolsVersion = 15.3;
						TestTargetID = 1B58EF722BE6BBE90066F447;
					};
				};
			};
			buildConfigurationList = 1B58EF6E2BE6BBE90066F447 /* Build configuration list for PBXProject "mobile-courier-app" */;
			compatibilityVersion = "Xcode 14.0";
			developmentRegion = en;
			hasScannedForEncodings = 0;
			knownRegions = (
				en,
				Base,
				es,
			);
			mainGroup = 1B58EF6A2BE6BBE90066F447;
			packageReferences = (
			);
			productRefGroup = 1B58EF742BE6BBE90066F447 /* Products */;
			projectDirPath = "";
			projectRoot = "";
			targets = (
				1B58EF722BE6BBE90066F447 /* mobile-courier-app */,
				1B58EF832BE6BBEA0066F447 /* mobile-courier-appTests */,
				1B58EF8D2BE6BBEA0066F447 /* mobile-courier-appUITests */,
			);
		};
/* End PBXProject section */

/* Begin PBXResourcesBuildPhase section */
		1B58EF712BE6BBE90066F447 /* Resources */ = {
			isa = PBXResourcesBuildPhase;
			buildActionMask = 2147483647;
			files = (
				1B58EFAB2BE6C1F30066F447 /* LaunchScreen.storyboard in Resources */,
				1B58EF7F2BE6BBEA0066F447 /* Preview Assets.xcassets in Resources */,
				1B58EF7B2BE6BBEA0066F447 /* Assets.xcassets in Resources */,
			);
			runOnlyForDeploymentPostprocessing = 0;
		};
		1B58EF822BE6BBEA0066F447 /* Resources */ = {
			isa = PBXResourcesBuildPhase;
			buildActionMask = 2147483647;
			files = (
			);
			runOnlyForDeploymentPostprocessing = 0;
		};
		1B58EF8C2BE6BBEA0066F447 /* Resources */ = {
			isa = PBXResourcesBuildPhase;
			buildActionMask = 2147483647;
			files = (
			);
			runOnlyForDeploymentPostprocessing = 0;
		};
/* End PBXResourcesBuildPhase section */

/* Begin PBXShellScriptBuildPhase section */
		1B9D15A32C02DAF8001F47E8 /* Swiftlint */ = {
			isa = PBXShellScriptBuildPhase;
			alwaysOutOfDate = 1;
			buildActionMask = 2147483647;
			files = (
			);
			inputFileListPaths = (
			);
			inputPaths = (
			);
			name = Swiftlint;
			outputFileListPaths = (
			);
			outputPaths = (
			);
			runOnlyForDeploymentPostprocessing = 0;
			shellPath = /bin/sh;
			shellScript = "if [[ \"$(uname -m)\" == arm64 ]]\nthen\n    export PATH=\"/opt/homebrew/bin:$PATH\"\nfi\n\nif command -v swiftlint >/dev/null 2>&1\nthen\n    swiftlint --strict\nelse\n    echo \"warning: `swiftlint` command not found - See https://github.com/realm/SwiftLint#installation for installation instructions.\"\nfi\n";
		};
/* End PBXShellScriptBuildPhase section */

/* Begin PBXSourcesBuildPhase section */
		1B58EF6F2BE6BBE90066F447 /* Sources */ = {
			isa = PBXSourcesBuildPhase;
			buildActionMask = 2147483647;
			files = (
				1BE63F712BE980D60016A26E /* UserDefaultsStorage.swift in Sources */,
				1B5E84A12C267FE200EDFDE2 /* AppDIContainer.swift in Sources */,
				FB03E49D2F6F371A00B3C6BF /* RoundedIndicatorViewModifier.swift in Sources */,
				FB03E49E2F6F371A00B3C6BF /* RowView.swift in Sources */,
				FB03E49F2F6F371A00B3C6BF /* HeaderView.swift in Sources */,
				FB03E4A02F6F371A00B3C6BF /* ShipmentRowView.swift in Sources */,
				FB03E4A12F6F371A00B3C6BF /* AccessibilityIdentifiers.swift in Sources */,
				FB03E4A22F6F371A00B3C6BF /* GroupedPackageRowView.swift in Sources */,
				FB03E4A32F6F371A00B3C6BF /* GroupedPackageReadyView.swift in Sources */,
				FB03E4A42F6F371A00B3C6BF /* HomeViewModelMock.swift in Sources */,
				FB03E4A52F6F371A00B3C6BF /* HomeViewModel.swift in Sources */,
				FB03E4A62F6F371A00B3C6BF /* ShipmentDetailView.swift in Sources */,
				FB03E4A72F6F371A00B3C6BF /* PackagesForWithdrawalViewModelMock.swift in Sources */,
				FB03E4A82F6F371A00B3C6BF /* WithdrawnPackagesViewModel.swift in Sources */,
				FB03E4A92F6F371A00B3C6BF /* AddressEntityMock.swift in Sources */,
				FB03E4AA2F6F371A00B3C6BF /* PackagesForWithdrawalView.swift in Sources */,
				FB03E4AB2F6F371A00B3C6BF /* CourierTextFieldStyle.swift in Sources */,
				FB03E4AC2F6F371A00B3C6BF /* LoginView.swift in Sources */,
				FB03E4AD2F6F371A00B3C6BF /* WithdrawnPackagesView.swift in Sources */,
				FB03E4AE2F6F371A00B3C6BF /* SettingsViewModelMock.swift in Sources */,
				FB03E4AF2F6F371A00B3C6BF /* PackagesForWithdrawalViewModel.swift in Sources */,
				FB03E4B02F6F371A00B3C6BF /* Storage.swift in Sources */,
				FB03E4B12F6F371A00B3C6BF /* LoginViewModel.swift in Sources */,
				FB03E4B22F6F371A00B3C6BF /* CoordinatorRootView.swift in Sources */,
				FB03E4B32F6F371A00B3C6BF /* SettingsViewModel.swift in Sources */,
				FB03E4B42F6F371A00B3C6BF /* AddressesRepositoryMock.swift in Sources */,
				FB03E4B52F6F371A00B3C6BF /* RippleSpinnerView.swift in Sources */,
				FBA6D5912F7866AA007303F8 /* ViewModelFactory.swift in Sources */,
				FB03E4B62F6F371A00B3C6BF /* Coordinator.swift in Sources */,
				FB03E4B72F6F371A00B3C6BF /* Color+Extension.swift in Sources */,
				FB03E4B82F6F371A00B3C6BF /* ToastView.swift in Sources */,
				FB03E4B92F6F371A00B3C6BF /* AuthRepositoryMock.swift in Sources */,
				FB03E4BA2F6F371A00B3C6BF /* PackagesRepositoryMock.swift in Sources */,
				FB03E4BB2F6F371A00B3C6BF /* SettingsView.swift in Sources */,
				FB03E4BC2F6F371A00B3C6BF /* DIContainerProtocol.swift in Sources */,
				FB03E4BD2F6F371A00B3C6BF /* PackagePlaceholderView.swift in Sources */,
				FB03E4BE2F6F371A00B3C6BF /* LoginViewModelMock.swift in Sources */,
				FB03E4BF2F6F371A00B3C6BF /* RippleSpinnerModifier.swift in Sources */,
				FB03E4C02F6F371A00B3C6BF /* WithdrawnPackagesViewModelMock.swift in Sources */,
				FB03E4C12F6F371A00B3C6BF /* Bundle+Extension.swift in Sources */,
				FB03E4C22F6F371A00B3C6BF /* MobileCourierAppPresentation.swift in Sources */,
				FB03E4C32F6F371A00B3C6BF /* ToastModifier.swift in Sources */,
				FB03E4C42F6F371A00B3C6BF /* AppDIContainerMock.swift in Sources */,
				FB03E4C52F6F371A00B3C6BF /* StorageMock.swift in Sources */,
				FB03E4C62F6F371A00B3C6BF /* HomeView.swift in Sources */,
				FB03E4DE2F6F387B00B3C6BF /* PackagesRepositoryProtocol.swift in Sources */,
				FB03E4DF2F6F387B00B3C6BF /* LoginEntity.swift in Sources */,
				FB03E4E02F6F387B00B3C6BF /* String+Domain.swift in Sources */,
				FB03E4E12F6F387B00B3C6BF /* AuthRepositoryProtocol.swift in Sources */,
				FB03E4E22F6F387B00B3C6BF /* AppData.swift in Sources */,
				FB03E4E32F6F387B00B3C6BF /* AddressesEntity.swift in Sources */,
				FB03E4E42F6F387B00B3C6BF /* DateFormatType.swift in Sources */,
				FB03E5022F6F3AC900B3C6BF /* AuthEndpoints.swift in Sources */,
				FB03E5032F6F3AC900B3C6BF /* MobileCourierData.swift in Sources */,
				FB03E5042F6F3AC900B3C6BF /* CustomSessionDelegate.swift in Sources */,
				FB03E5052F6F3AC900B3C6BF /* PackageEndpoints.swift in Sources */,
				FB03E5062F6F3AC900B3C6BF /* LoginModel.swift in Sources */,
				FB03E5072F6F3AC900B3C6BF /* AuthRepository.swift in Sources */,
				FB03E5082F6F3AC900B3C6BF /* AddressEndpoints.swift in Sources */,
				FB03E5092F6F3AC900B3C6BF /* PackagesModel.swift in Sources */,
				FB03E50A2F6F3AC900B3C6BF /* APIRequestClient.swift in Sources */,
				FB03E50B2F6F3AC900B3C6BF /* AddressRespository.swift in Sources */,
				FB03E50C2F6F3AC900B3C6BF /* AddressesModel.swift in Sources */,
				FB03E50D2F6F3AC900B3C6BF /* Data+Data.swift in Sources */,
				FB03E50E2F6F3AC900B3C6BF /* Endpoint.swift in Sources */,
				FB03E50F2F6F3AC900B3C6BF /* PackagesRepository.swift in Sources */,
				FB03E4E52F6F387B00B3C6BF /* ShipmentStatus.swift in Sources */,
				FB03E4E62F6F387B00B3C6BF /* GroupedPackageEntity.swift in Sources */,
				FB03E4E72F6F387B00B3C6BF /* PackageEntity.swift in Sources */,
				FB03E4E82F6F387B00B3C6BF /* AddressRepositoryProtocol.swift in Sources */,
				FB03E4E92F6F387B00B3C6BF /* Date+Domain.swift in Sources */,
				FB03E4EA2F6F387B00B3C6BF /* mobile_courier_app_domain.swift in Sources */,
				FB03E4EB2F6F387B00B3C6BF /* NSDecimalNumber+Domain.swift in Sources */,
				FB03E4C72F6F371A00B3C6BF /* BorderedViewModifier.swift in Sources */,
				FB03E4C82F6F371A00B3C6BF /* AppDataMock.swift in Sources */,
				FB03E4C92F6F371A00B3C6BF /* GroupedPackageStyleModifier.swift in Sources */,
				FB03E4CA2F6F371A00B3C6BF /* ProfileView.swift in Sources */,
				1B58EF772BE6BBE90066F447 /* MobileCourierApp.swift in Sources */,
			);
			runOnlyForDeploymentPostprocessing = 0;
		};
		1B58EF802BE6BBEA0066F447 /* Sources */ = {
			isa = PBXSourcesBuildPhase;
			buildActionMask = 2147483647;
			files = (
				1BE58CAE2C05757000C7DF63 /* AuthRepositorySpy.swift in Sources */,
				1BE58CB02C05757C00C7DF63 /* StorageSpy.swift in Sources */,
				1B58EF892BE6BBEA0066F447 /* LoginViewModelTests.swift in Sources */,
			);
			runOnlyForDeploymentPostprocessing = 0;
		};
		1B58EF8A2BE6BBEA0066F447 /* Sources */ = {
			isa = PBXSourcesBuildPhase;
			buildActionMask = 2147483647;
			files = (
				1B58EF932BE6BBEA0066F447 /* MobileCourierAppUITests.swift in Sources */,
				1BE7837E2C2E61BE00D2093E /* LoginScreen.swift in Sources */,
				1BE783802C2E61CA00D2093E /* HomeScreen.swift in Sources */,
				1BE783822C2E61D400D2093E /* Screen.swift in Sources */,
				1BE783852C2E630000D2093E /* XCUIElement+Extensions.swift in Sources */,
			);
			runOnlyForDeploymentPostprocessing = 0;
		};
/* End PBXSourcesBuildPhase section */

/* Begin PBXTargetDependency section */
		1B58EF862BE6BBEA0066F447 /* PBXTargetDependency */ = {
			isa = PBXTargetDependency;
			target = 1B58EF722BE6BBE90066F447 /* mobile-courier-app */;
			targetProxy = 1B58EF852BE6BBEA0066F447 /* PBXContainerItemProxy */;
		};
		1B58EF902BE6BBEA0066F447 /* PBXTargetDependency */ = {
			isa = PBXTargetDependency;
			target = 1B58EF722BE6BBE90066F447 /* mobile-courier-app */;
			targetProxy = 1B58EF8F2BE6BBEA0066F447 /* PBXContainerItemProxy */;
		};
/* End PBXTargetDependency section */

/* Begin XCBuildConfiguration section */
		1B58EF962BE6BBEA0066F447 /* Debug */ = {
			isa = XCBuildConfiguration;
			buildSettings = {
				ALWAYS_SEARCH_USER_PATHS = NO;
				ASSETCATALOG_COMPILER_GENERATE_SWIFT_ASSET_SYMBOL_EXTENSIONS = YES;
				CLANG_ANALYZER_NONNULL = YES;
				CLANG_ANALYZER_NUMBER_OBJECT_CONVERSION = YES_AGGRESSIVE;
				CLANG_CXX_LANGUAGE_STANDARD = "gnu++20";
				CLANG_ENABLE_MODULES = YES;
				CLANG_ENABLE_OBJC_ARC = YES;
				CLANG_ENABLE_OBJC_WEAK = YES;
				CLANG_WARN_BLOCK_CAPTURE_AUTORELEASING = YES;
				CLANG_WARN_BOOL_CONVERSION = YES;
				CLANG_WARN_COMMA = YES;
				CLANG_WARN_CONSTANT_CONVERSION = YES;
				CLANG_WARN_DEPRECATED_OBJC_IMPLEMENTATIONS = YES;
				CLANG_WARN_DIRECT_OBJC_ISA_USAGE = YES_ERROR;
				CLANG_WARN_DOCUMENTATION_COMMENTS = YES;
				CLANG_WARN_EMPTY_BODY = YES;
				CLANG_WARN_ENUM_CONVERSION = YES;
				CLANG_WARN_INFINITE_RECURSION = YES;
				CLANG_WARN_INT_CONVERSION = YES;
				CLANG_WARN_NON_LITERAL_NULL_CONVERSION = YES;
				CLANG_WARN_OBJC_IMPLICIT_RETAIN_SELF = YES;
				CLANG_WARN_OBJC_LITERAL_CONVERSION = YES;
				CLANG_WARN_OBJC_ROOT_CLASS = YES_ERROR;
				CLANG_WARN_QUOTED_INCLUDE_IN_FRAMEWORK_HEADER = YES;
				CLANG_WARN_RANGE_LOOP_ANALYSIS = YES;
				CLANG_WARN_STRICT_PROTOTYPES = YES;
				CLANG_WARN_SUSPICIOUS_MOVE = YES;
				CLANG_WARN_UNGUARDED_AVAILABILITY = YES_AGGRESSIVE;
				CLANG_WARN_UNREACHABLE_CODE = YES;
				CLANG_WARN__DUPLICATE_METHOD_MATCH = YES;
				COPY_PHASE_STRIP = NO;
				DEBUG_INFORMATION_FORMAT = dwarf;
				ENABLE_STRICT_OBJC_MSGSEND = YES;
				ENABLE_TESTABILITY = YES;
				ENABLE_USER_SCRIPT_SANDBOXING = YES;
				GCC_C_LANGUAGE_STANDARD = gnu17;
				GCC_DYNAMIC_NO_PIC = NO;
				GCC_NO_COMMON_BLOCKS = YES;
				GCC_OPTIMIZATION_LEVEL = 0;
				GCC_PREPROCESSOR_DEFINITIONS = (
					"DEBUG=1",
					"$(inherited)",
				);
				GCC_WARN_64_TO_32_BIT_CONVERSION = YES;
				GCC_WARN_ABOUT_RETURN_TYPE = YES_ERROR;
				GCC_WARN_UNDECLARED_SELECTOR = YES;
				GCC_WARN_UNINITIALIZED_AUTOS = YES_AGGRESSIVE;
				GCC_WARN_UNUSED_FUNCTION = YES;
				GCC_WARN_UNUSED_VARIABLE = YES;
				LOCALIZATION_PREFERS_STRING_CATALOGS = YES;
				MTL_ENABLE_DEBUG_INFO = INCLUDE_SOURCE;
				MTL_FAST_MATH = YES;
				ONLY_ACTIVE_ARCH = YES;
				SWIFT_ACTIVE_COMPILATION_CONDITIONS = "DEBUG $(inherited)";
				SWIFT_OPTIMIZATION_LEVEL = "-Onone";
			};
			name = Debug;
		};
		1B58EF972BE6BBEA0066F447 /* Release */ = {
			isa = XCBuildConfiguration;
			buildSettings = {
				ALWAYS_SEARCH_USER_PATHS = NO;
				ASSETCATALOG_COMPILER_GENERATE_SWIFT_ASSET_SYMBOL_EXTENSIONS = YES;
				CLANG_ANALYZER_NONNULL = YES;
				CLANG_ANALYZER_NUMBER_OBJECT_CONVERSION = YES_AGGRESSIVE;
				CLANG_CXX_LANGUAGE_STANDARD = "gnu++20";
				CLANG_ENABLE_MODULES = YES;
				CLANG_ENABLE_OBJC_ARC = YES;
				CLANG_ENABLE_OBJC_WEAK = YES;
				CLANG_WARN_BLOCK_CAPTURE_AUTORELEASING = YES;
				CLANG_WARN_BOOL_CONVERSION = YES;
				CLANG_WARN_COMMA = YES;
				CLANG_WARN_CONSTANT_CONVERSION = YES;
				CLANG_WARN_DEPRECATED_OBJC_IMPLEMENTATIONS = YES;
				CLANG_WARN_DIRECT_OBJC_ISA_USAGE = YES_ERROR;
				CLANG_WARN_DOCUMENTATION_COMMENTS = YES;
				CLANG_WARN_EMPTY_BODY = YES;
				CLANG_WARN_ENUM_CONVERSION = YES;
				CLANG_WARN_INFINITE_RECURSION = YES;
				CLANG_WARN_INT_CONVERSION = YES;
				CLANG_WARN_NON_LITERAL_NULL_CONVERSION = YES;
				CLANG_WARN_OBJC_IMPLICIT_RETAIN_SELF = YES;
				CLANG_WARN_OBJC_LITERAL_CONVERSION = YES;
				CLANG_WARN_OBJC_ROOT_CLASS = YES_ERROR;
				CLANG_WARN_QUOTED_INCLUDE_IN_FRAMEWORK_HEADER = YES;
				CLANG_WARN_RANGE_LOOP_ANALYSIS = YES;
				CLANG_WARN_STRICT_PROTOTYPES = YES;
				CLANG_WARN_SUSPICIOUS_MOVE = YES;
				CLANG_WARN_UNGUARDED_AVAILABILITY = YES_AGGRESSIVE;
				CLANG_WARN_UNREACHABLE_CODE = YES;
				CLANG_WARN__DUPLICATE_METHOD_MATCH = YES;
				COPY_PHASE_STRIP = NO;
				DEBUG_INFORMATION_FORMAT = "dwarf-with-dsym";
				ENABLE_NS_ASSERTIONS = NO;
				ENABLE_STRICT_OBJC_MSGSEND = YES;
				ENABLE_USER_SCRIPT_SANDBOXING = YES;
				GCC_C_LANGUAGE_STANDARD = gnu17;
				GCC_NO_COMMON_BLOCKS = YES;
				GCC_WARN_64_TO_32_BIT_CONVERSION = YES;
				GCC_WARN_ABOUT_RETURN_TYPE = YES_ERROR;
				GCC_WARN_UNDECLARED_SELECTOR = YES;
				GCC_WARN_UNINITIALIZED_AUTOS = YES_AGGRESSIVE;
				GCC_WARN_UNUSED_FUNCTION = YES;
				GCC_WARN_UNUSED_VARIABLE = YES;
				LOCALIZATION_PREFERS_STRING_CATALOGS = YES;
				MTL_ENABLE_DEBUG_INFO = NO;
				MTL_FAST_MATH = YES;
				SWIFT_COMPILATION_MODE = wholemodule;
			};
			name = Release;
		};
		1B58EF992BE6BBEA0066F447 /* Debug */ = {
			isa = XCBuildConfiguration;
			buildSettings = {
				ASSETCATALOG_COMPILER_APPICON_NAME = AppIcon;
				ASSETCATALOG_COMPILER_GLOBAL_ACCENT_COLOR_NAME = AccentColor;
				CODE_SIGN_ENTITLEMENTS = "mobile-courier-app/mobile_courier_app.entitlements";
				CODE_SIGN_IDENTITY = "Apple Development";
				CODE_SIGN_STYLE = Automatic;
				CURRENT_PROJECT_VERSION = 1;
				DEVELOPMENT_ASSET_PATHS = "\"mobile-courier-app/Preview Content\"";
				DEVELOPMENT_TEAM = LXE5SAW38H;
				ENABLE_PREVIEWS = YES;
				ENABLE_USER_SCRIPT_SANDBOXING = NO;
				GENERATE_INFOPLIST_FILE = YES;
				INFOPLIST_FILE = "mobile-courier-app/Info.plist";
				INFOPLIST_KEY_CFBundleDisplayName = JustACourierApp;
				"INFOPLIST_KEY_UIApplicationSceneManifest_Generation[sdk=iphoneos*]" = YES;
				"INFOPLIST_KEY_UIApplicationSceneManifest_Generation[sdk=iphonesimulator*]" = YES;
				"INFOPLIST_KEY_UIApplicationSupportsIndirectInputEvents[sdk=iphoneos*]" = YES;
				"INFOPLIST_KEY_UIApplicationSupportsIndirectInputEvents[sdk=iphonesimulator*]" = YES;
				"INFOPLIST_KEY_UILaunchScreen_Generation[sdk=iphoneos*]" = YES;
				"INFOPLIST_KEY_UILaunchScreen_Generation[sdk=iphonesimulator*]" = YES;
				INFOPLIST_KEY_UILaunchStoryboardName = LaunchScreen.storyboard;
				"INFOPLIST_KEY_UIStatusBarStyle[sdk=iphoneos*]" = UIStatusBarStyleDefault;
				"INFOPLIST_KEY_UIStatusBarStyle[sdk=iphonesimulator*]" = UIStatusBarStyleDefault;
				INFOPLIST_KEY_UISupportedInterfaceOrientations_iPad = "UIInterfaceOrientationPortrait UIInterfaceOrientationPortraitUpsideDown UIInterfaceOrientationLandscapeLeft UIInterfaceOrientationLandscapeRight";
				INFOPLIST_KEY_UISupportedInterfaceOrientations_iPhone = "UIInterfaceOrientationPortrait UIInterfaceOrientationLandscapeLeft UIInterfaceOrientationLandscapeRight";
				IPHONEOS_DEPLOYMENT_TARGET = 16.0;
				LD_RUNPATH_SEARCH_PATHS = "@executable_path/Frameworks";
				"LD_RUNPATH_SEARCH_PATHS[sdk=macosx*]" = "@executable_path/../Frameworks";
				MACOSX_DEPLOYMENT_TARGET = 14.4;
				MARKETING_VERSION = 1.0;
				PRODUCT_BUNDLE_IDENTIFIER = "com.just.another.mobile-courier-app";
				PRODUCT_NAME = "mobile-courier-app";
				PROVISIONING_PROFILE_SPECIFIER = "";
				SDKROOT = auto;
				SUPPORTED_PLATFORMS = "iphoneos iphonesimulator";
				SUPPORTS_MACCATALYST = NO;
				SWIFT_EMIT_LOC_STRINGS = YES;
				SWIFT_VERSION = 5.0;
				TARGETED_DEVICE_FAMILY = 1;
			};
			name = Debug;
		};
		1B58EF9A2BE6BBEA0066F447 /* Release */ = {
			isa = XCBuildConfiguration;
			buildSettings = {
				ASSETCATALOG_COMPILER_APPICON_NAME = AppIcon;
				ASSETCATALOG_COMPILER_GLOBAL_ACCENT_COLOR_NAME = AccentColor;
				CODE_SIGN_ENTITLEMENTS = "mobile-courier-app/mobile_courier_app.entitlements";
				CODE_SIGN_IDENTITY = "Apple Development";
				"CODE_SIGN_IDENTITY[sdk=iphoneos*]" = "iPhone Distribution";
				CODE_SIGN_STYLE = Manual;
				CURRENT_PROJECT_VERSION = 1;
				DEVELOPMENT_ASSET_PATHS = "\"mobile-courier-app/Preview Content\"";
				DEVELOPMENT_TEAM = "";
				"DEVELOPMENT_TEAM[sdk=iphoneos*]" = LXE5SAW38H;
				ENABLE_PREVIEWS = YES;
				ENABLE_USER_SCRIPT_SANDBOXING = NO;
				GENERATE_INFOPLIST_FILE = YES;
				INFOPLIST_FILE = "mobile-courier-app/Info.plist";
				INFOPLIST_KEY_CFBundleDisplayName = JustACourierApp;
				"INFOPLIST_KEY_UIApplicationSceneManifest_Generation[sdk=iphoneos*]" = YES;
				"INFOPLIST_KEY_UIApplicationSceneManifest_Generation[sdk=iphonesimulator*]" = YES;
				"INFOPLIST_KEY_UIApplicationSupportsIndirectInputEvents[sdk=iphoneos*]" = YES;
				"INFOPLIST_KEY_UIApplicationSupportsIndirectInputEvents[sdk=iphonesimulator*]" = YES;
				"INFOPLIST_KEY_UILaunchScreen_Generation[sdk=iphoneos*]" = YES;
				"INFOPLIST_KEY_UILaunchScreen_Generation[sdk=iphonesimulator*]" = YES;
				INFOPLIST_KEY_UILaunchStoryboardName = LaunchScreen.storyboard;
				"INFOPLIST_KEY_UIStatusBarStyle[sdk=iphoneos*]" = UIStatusBarStyleDefault;
				"INFOPLIST_KEY_UIStatusBarStyle[sdk=iphonesimulator*]" = UIStatusBarStyleDefault;
				INFOPLIST_KEY_UISupportedInterfaceOrientations_iPad = "UIInterfaceOrientationPortrait UIInterfaceOrientationPortraitUpsideDown UIInterfaceOrientationLandscapeLeft UIInterfaceOrientationLandscapeRight";
				INFOPLIST_KEY_UISupportedInterfaceOrientations_iPhone = "UIInterfaceOrientationPortrait UIInterfaceOrientationLandscapeLeft UIInterfaceOrientationLandscapeRight";
				IPHONEOS_DEPLOYMENT_TARGET = 16.0;
				LD_RUNPATH_SEARCH_PATHS = "@executable_path/Frameworks";
				"LD_RUNPATH_SEARCH_PATHS[sdk=macosx*]" = "@executable_path/../Frameworks";
				MACOSX_DEPLOYMENT_TARGET = 14.4;
				MARKETING_VERSION = 1.0;
				PRODUCT_BUNDLE_IDENTIFIER = "com.just.another.mobile-courier-app";
				PRODUCT_NAME = "mobile-courier-app";
				PROVISIONING_PROFILE_SPECIFIER = "";
				"PROVISIONING_PROFILE_SPECIFIER[sdk=iphoneos*]" = JustCourierAppAdHoc;
				SDKROOT = auto;
				SUPPORTED_PLATFORMS = "iphoneos iphonesimulator";
				SUPPORTS_MACCATALYST = NO;
				SWIFT_EMIT_LOC_STRINGS = YES;
				SWIFT_VERSION = 5.0;
				TARGETED_DEVICE_FAMILY = 1;
			};
			name = Release;
		};
		1B58EF9C2BE6BBEA0066F447 /* Debug */ = {
			isa = XCBuildConfiguration;
			buildSettings = {
				ALWAYS_EMBED_SWIFT_STANDARD_LIBRARIES = YES;
				BUNDLE_LOADER = "$(TEST_HOST)";
				CODE_SIGN_STYLE = Automatic;
				CURRENT_PROJECT_VERSION = 1;
				GENERATE_INFOPLIST_FILE = YES;
				IPHONEOS_DEPLOYMENT_TARGET = 17.4;
				MACOSX_DEPLOYMENT_TARGET = 14.4;
				MARKETING_VERSION = 1.0;
				PRODUCT_BUNDLE_IDENTIFIER = "com.just.another.mobile-courier-appTests";
				PRODUCT_NAME = "$(TARGET_NAME)";
				SDKROOT = auto;
				SUPPORTED_PLATFORMS = "iphoneos iphonesimulator macosx";
				SWIFT_EMIT_LOC_STRINGS = NO;
				SWIFT_VERSION = 5.0;
				TARGETED_DEVICE_FAMILY = "1,2";
				TEST_HOST = "$(BUILT_PRODUCTS_DIR)/mobile-courier-app.app/$(BUNDLE_EXECUTABLE_FOLDER_PATH)/mobile-courier-app";
			};
			name = Debug;
		};
		1B58EF9D2BE6BBEA0066F447 /* Release */ = {
			isa = XCBuildConfiguration;
			buildSettings = {
				ALWAYS_EMBED_SWIFT_STANDARD_LIBRARIES = YES;
				BUNDLE_LOADER = "$(TEST_HOST)";
				CODE_SIGN_STYLE = Automatic;
				CURRENT_PROJECT_VERSION = 1;
				GENERATE_INFOPLIST_FILE = YES;
				IPHONEOS_DEPLOYMENT_TARGET = 17.4;
				MACOSX_DEPLOYMENT_TARGET = 14.4;
				MARKETING_VERSION = 1.0;
				PRODUCT_BUNDLE_IDENTIFIER = "com.just.another.mobile-courier-appTests";
				PRODUCT_NAME = "$(TARGET_NAME)";
				SDKROOT = auto;
				SUPPORTED_PLATFORMS = "iphoneos iphonesimulator macosx";
				SWIFT_EMIT_LOC_STRINGS = NO;
				SWIFT_VERSION = 5.0;
				TARGETED_DEVICE_FAMILY = "1,2";
				TEST_HOST = "$(BUILT_PRODUCTS_DIR)/mobile-courier-app.app/$(BUNDLE_EXECUTABLE_FOLDER_PATH)/mobile-courier-app";
			};
			name = Release;
		};
		1B58EF9F2BE6BBEA0066F447 /* Debug */ = {
			isa = XCBuildConfiguration;
			buildSettings = {
				ALWAYS_EMBED_SWIFT_STANDARD_LIBRARIES = YES;
				CODE_SIGN_STYLE = Automatic;
				CURRENT_PROJECT_VERSION = 1;
				GENERATE_INFOPLIST_FILE = YES;
				IPHONEOS_DEPLOYMENT_TARGET = 17.4;
				MACOSX_DEPLOYMENT_TARGET = 14.4;
				MARKETING_VERSION = 1.0;
				PRODUCT_BUNDLE_IDENTIFIER = "com.just.another.mobile-courier-appUITests";
				PRODUCT_NAME = "$(TARGET_NAME)";
				SDKROOT = auto;
				SUPPORTED_PLATFORMS = "iphoneos iphonesimulator macosx";
				SWIFT_EMIT_LOC_STRINGS = NO;
				SWIFT_VERSION = 5.0;
				TARGETED_DEVICE_FAMILY = "1,2";
				TEST_TARGET_NAME = "mobile-courier-app";
			};
			name = Debug;
		};
		1B58EFA02BE6BBEA0066F447 /* Release */ = {
			isa = XCBuildConfiguration;
			buildSettings = {
				ALWAYS_EMBED_SWIFT_STANDARD_LIBRARIES = YES;
				CODE_SIGN_STYLE = Automatic;
				CURRENT_PROJECT_VERSION = 1;
				GENERATE_INFOPLIST_FILE = YES;
				IPHONEOS_DEPLOYMENT_TARGET = 17.4;
				MACOSX_DEPLOYMENT_TARGET = 14.4;
				MARKETING_VERSION = 1.0;
				PRODUCT_BUNDLE_IDENTIFIER = "com.just.another.mobile-courier-appUITests";
				PRODUCT_NAME = "$(TARGET_NAME)";
				SDKROOT = auto;
				SUPPORTED_PLATFORMS = "iphoneos iphonesimulator macosx";
				SWIFT_EMIT_LOC_STRINGS = NO;
				SWIFT_VERSION = 5.0;
				TARGETED_DEVICE_FAMILY = "1,2";
				TEST_TARGET_NAME = "mobile-courier-app";
			};
			name = Release;
		};
/* End XCBuildConfiguration section */

/* Begin XCConfigurationList section */
		1B58EF6E2BE6BBE90066F447 /* Build configuration list for PBXProject "mobile-courier-app" */ = {
			isa = XCConfigurationList;
			buildConfigurations = (
				1B58EF962BE6BBEA0066F447 /* Debug */,
				1B58EF972BE6BBEA0066F447 /* Release */,
			);
			defaultConfigurationIsVisible = 0;
			defaultConfigurationName = Release;
		};
		1B58EF982BE6BBEA0066F447 /* Build configuration list for PBXNativeTarget "mobile-courier-app" */ = {
			isa = XCConfigurationList;
			buildConfigurations = (
				1B58EF992BE6BBEA0066F447 /* Debug */,
				1B58EF9A2BE6BBEA0066F447 /* Release */,
			);
			defaultConfigurationIsVisible = 0;
			defaultConfigurationName = Release;
		};
		1B58EF9B2BE6BBEA0066F447 /* Build configuration list for PBXNativeTarget "mobile-courier-appTests" */ = {
			isa = XCConfigurationList;
			buildConfigurations = (
				1B58EF9C2BE6BBEA0066F447 /* Debug */,
				1B58EF9D2BE6BBEA0066F447 /* Release */,
			);
			defaultConfigurationIsVisible = 0;
			defaultConfigurationName = Release;
		};
		1B58EF9E2BE6BBEA0066F447 /* Build configuration list for PBXNativeTarget "mobile-courier-appUITests" */ = {
			isa = XCConfigurationList;
			buildConfigurations = (
				1B58EF9F2BE6BBEA0066F447 /* Debug */,
				1B58EFA02BE6BBEA0066F447 /* Release */,
			);
			defaultConfigurationIsVisible = 0;
			defaultConfigurationName = Release;
		};
/* End XCConfigurationList section */
	};
	rootObject = 1B58EF6B2BE6BBE90066F447 /* Project object */;
}
