// !$*UTF8*$!
{
	archiveVersion = 1;
	classes = {
	};
	objectVersion = 56;
	objects = {

/* Begin PBXBuildFile section */
		1B0557F62BE9074100367124 /* AuthEndpoints.swift in Sources */ = {isa = PBXBuildFile; fileRef = 1B0557F52BE9074100367124 /* AuthEndpoints.swift */; };
		1B07BC8D2BFD677900D8B149 /* RippleSpinnerView.swift in Sources */ = {isa = PBXBuildFile; fileRef = 1B07BC8C2BFD677900D8B149 /* RippleSpinnerView.swift */; };
		1B58EF772BE6BBE90066F447 /* MobileCourierApp.swift in Sources */ = {isa = PBXBuildFile; fileRef = 1B58EF762BE6BBE90066F447 /* MobileCourierApp.swift */; };
		1B58EF792BE6BBE90066F447 /* MainView.swift in Sources */ = {isa = PBXBuildFile; fileRef = 1B58EF782BE6BBE90066F447 /* MainView.swift */; };
		1B58EF7B2BE6BBEA0066F447 /* Assets.xcassets in Resources */ = {isa = PBXBuildFile; fileRef = 1B58EF7A2BE6BBEA0066F447 /* Assets.xcassets */; };
		1B58EF7F2BE6BBEA0066F447 /* Preview Assets.xcassets in Resources */ = {isa = PBXBuildFile; fileRef = 1B58EF7E2BE6BBEA0066F447 /* Preview Assets.xcassets */; };
		1B58EF892BE6BBEA0066F447 /* LoginViewModelTests.swift in Sources */ = {isa = PBXBuildFile; fileRef = 1B58EF882BE6BBEA0066F447 /* LoginViewModelTests.swift */; };
		1B58EF932BE6BBEA0066F447 /* MobileCourierAppUITests.swift in Sources */ = {isa = PBXBuildFile; fileRef = 1B58EF922BE6BBEA0066F447 /* MobileCourierAppUITests.swift */; };
		1B58EF952BE6BBEA0066F447 /* MobileCourierAppUITestsLaunchTests.swift in Sources */ = {isa = PBXBuildFile; fileRef = 1B58EF942BE6BBEA0066F447 /* MobileCourierAppUITestsLaunchTests.swift */; };
		1B58EFA32BE6BF9A0066F447 /* LoginView.swift in Sources */ = {isa = PBXBuildFile; fileRef = 1B58EFA22BE6BF9A0066F447 /* LoginView.swift */; };
		1B58EFA52BE6BFBB0066F447 /* LoginViewModel.swift in Sources */ = {isa = PBXBuildFile; fileRef = 1B58EFA42BE6BFBB0066F447 /* LoginViewModel.swift */; };
		1B58EFA92BE6C0070066F447 /* BorderedViewModifier.swift in Sources */ = {isa = PBXBuildFile; fileRef = 1B58EFA82BE6C0070066F447 /* BorderedViewModifier.swift */; };
		1B58EFAB2BE6C1F30066F447 /* LaunchScreen.storyboard in Resources */ = {isa = PBXBuildFile; fileRef = 1B58EFAA2BE6C1F30066F447 /* LaunchScreen.storyboard */; };
		1B58EFAE2BE6C2BE0066F447 /* CourierTextFieldStyle.swift in Sources */ = {isa = PBXBuildFile; fileRef = 1B58EFAD2BE6C2BE0066F447 /* CourierTextFieldStyle.swift */; };
		1B58EFB92BE729D20066F447 /* Endpoint.swift in Sources */ = {isa = PBXBuildFile; fileRef = 1B58EFB82BE729D20066F447 /* Endpoint.swift */; };
		1B5EBFFE2C081DDA003BC2D9 /* AuthData.swift in Sources */ = {isa = PBXBuildFile; fileRef = 1B5EBFFD2C081DDA003BC2D9 /* AuthData.swift */; };
		1B85000E2C10033D006E96A0 /* ToastView.swift in Sources */ = {isa = PBXBuildFile; fileRef = 1B85000D2C10033D006E96A0 /* ToastView.swift */; };
		1B8500102C1004D0006E96A0 /* ToastModifier.swift in Sources */ = {isa = PBXBuildFile; fileRef = 1B85000F2C1004D0006E96A0 /* ToastModifier.swift */; };
		1B8500152C100DF1006E96A0 /* ProfileView.swift in Sources */ = {isa = PBXBuildFile; fileRef = 1B8500142C100DF1006E96A0 /* ProfileView.swift */; };
		1B85E8E22BFC4DAE003040CC /* LoginModel.swift in Sources */ = {isa = PBXBuildFile; fileRef = 1B85E8E12BFC4DAE003040CC /* LoginModel.swift */; };
		1B85E8E72BFC4E24003040CC /* LoginEntity.swift in Sources */ = {isa = PBXBuildFile; fileRef = 1B85E8E62BFC4E24003040CC /* LoginEntity.swift */; };
		1B85E8EA2BFC4E85003040CC /* AuthRepository.swift in Sources */ = {isa = PBXBuildFile; fileRef = 1B85E8E92BFC4E85003040CC /* AuthRepository.swift */; };
		1B9274CB2C1156C6008F4FA3 /* AppData.swift in Sources */ = {isa = PBXBuildFile; fileRef = 1B9274CA2C1156C6008F4FA3 /* AppData.swift */; };
		1B9274CD2C1158E0008F4FA3 /* AddressEndpoints.swift in Sources */ = {isa = PBXBuildFile; fileRef = 1B9274CC2C1158E0008F4FA3 /* AddressEndpoints.swift */; };
		1B9274D02C115AF1008F4FA3 /* AddressesModel.swift in Sources */ = {isa = PBXBuildFile; fileRef = 1B9274CF2C115AF1008F4FA3 /* AddressesModel.swift */; };
		1B9274D22C115E53008F4FA3 /* AddressRepositoryProtocol.swift in Sources */ = {isa = PBXBuildFile; fileRef = 1B9274D12C115E53008F4FA3 /* AddressRepositoryProtocol.swift */; };
		1B9274D42C115EA4008F4FA3 /* AddressesEntity.swift in Sources */ = {isa = PBXBuildFile; fileRef = 1B9274D32C115EA4008F4FA3 /* AddressesEntity.swift */; };
		1B99600F2C12992F00976BBC /* AddressRespository.swift in Sources */ = {isa = PBXBuildFile; fileRef = 1B99600E2C12992F00976BBC /* AddressRespository.swift */; };
		1B9960112C129BFB00976BBC /* ProfileViewModel.swift in Sources */ = {isa = PBXBuildFile; fileRef = 1B9960102C129BFB00976BBC /* ProfileViewModel.swift */; };
		1BAB0EE62BFEE2D9004DF155 /* Localizable.xcstrings in Resources */ = {isa = PBXBuildFile; fileRef = 1BAB0EE52BFEE2D9004DF155 /* Localizable.xcstrings */; };
		1BC0717A2C140C6A006EC08E /* ProfileViewModelMock.swift in Sources */ = {isa = PBXBuildFile; fileRef = 1BC071792C140C6A006EC08E /* ProfileViewModelMock.swift */; };
		1BC0717C2C140CA9006EC08E /* AddressesRepositoryMock.swift in Sources */ = {isa = PBXBuildFile; fileRef = 1BC0717B2C140CA9006EC08E /* AddressesRepositoryMock.swift */; };
		1BC0717E2C140F86006EC08E /* EnviosView.swift in Sources */ = {isa = PBXBuildFile; fileRef = 1BC0717D2C140F86006EC08E /* EnviosView.swift */; };
		1BD17E632C0EB438009B6C67 /* Coordinator.swift in Sources */ = {isa = PBXBuildFile; fileRef = 1BD17E622C0EB438009B6C67 /* Coordinator.swift */; };
		1BE58CA62C05727500C7DF63 /* AuthRepositoryMock.swift in Sources */ = {isa = PBXBuildFile; fileRef = 1BE58CA52C05727500C7DF63 /* AuthRepositoryMock.swift */; };
		1BE58CA82C0572B400C7DF63 /* StorageMock.swift in Sources */ = {isa = PBXBuildFile; fileRef = 1BE58CA72C0572B400C7DF63 /* StorageMock.swift */; };
		1BE58CAA2C05731B00C7DF63 /* LoginViewModelMock.swift in Sources */ = {isa = PBXBuildFile; fileRef = 1BE58CA92C05731B00C7DF63 /* LoginViewModelMock.swift */; };
		1BE58CAE2C05757000C7DF63 /* AuthRepositorySpy.swift in Sources */ = {isa = PBXBuildFile; fileRef = 1BE58CAD2C05757000C7DF63 /* AuthRepositorySpy.swift */; };
		1BE58CB02C05757C00C7DF63 /* StorageSpy.swift in Sources */ = {isa = PBXBuildFile; fileRef = 1BE58CAF2C05757C00C7DF63 /* StorageSpy.swift */; };
		1BE58CB32C0585C400C7DF63 /* HomeView.swift in Sources */ = {isa = PBXBuildFile; fileRef = 1BE58CB22C0585C400C7DF63 /* HomeView.swift */; };
		1BE63F6D2BE9193E0016A26E /* APIRequestClient.swift in Sources */ = {isa = PBXBuildFile; fileRef = 1BE63F6C2BE9193E0016A26E /* APIRequestClient.swift */; };
		1BE63F6F2BE972A60016A26E /* AuthRepositoryProtocol.swift in Sources */ = {isa = PBXBuildFile; fileRef = 1BE63F6E2BE972A60016A26E /* AuthRepositoryProtocol.swift */; };
		1BE63F712BE980D60016A26E /* Storage.swift in Sources */ = {isa = PBXBuildFile; fileRef = 1BE63F702BE980D60016A26E /* Storage.swift */; };
		1BEE841F2C17D6FF00B8A367 /* RowView.swift in Sources */ = {isa = PBXBuildFile; fileRef = 1BEE841E2C17D6FF00B8A367 /* RowView.swift */; };
/* End PBXBuildFile section */

/* Begin PBXContainerItemProxy section */
		1B58EF852BE6BBEA0066F447 /* PBXContainerItemProxy */ = {
			isa = PBXContainerItemProxy;
			containerPortal = 1B58EF6B2BE6BBE90066F447 /* Project object */;
			proxyType = 1;
			remoteGlobalIDString = 1B58EF722BE6BBE90066F447;
			remoteInfo = "mobile-courier-app";
		};
		1B58EF8F2BE6BBEA0066F447 /* PBXContainerItemProxy */ = {
			isa = PBXContainerItemProxy;
			containerPortal = 1B58EF6B2BE6BBE90066F447 /* Project object */;
			proxyType = 1;
			remoteGlobalIDString = 1B58EF722BE6BBE90066F447;
			remoteInfo = "mobile-courier-app";
		};
/* End PBXContainerItemProxy section */

/* Begin PBXFileReference section */
		1B0557F52BE9074100367124 /* AuthEndpoints.swift */ = {isa = PBXFileReference; lastKnownFileType = sourcecode.swift; path = AuthEndpoints.swift; sourceTree = "<group>"; };
		1B07BC8C2BFD677900D8B149 /* RippleSpinnerView.swift */ = {isa = PBXFileReference; lastKnownFileType = sourcecode.swift; path = RippleSpinnerView.swift; sourceTree = "<group>"; };
		1B58EF732BE6BBE90066F447 /* mobile-courier-app.app */ = {isa = PBXFileReference; explicitFileType = wrapper.application; includeInIndex = 0; path = "mobile-courier-app.app"; sourceTree = BUILT_PRODUCTS_DIR; };
		1B58EF762BE6BBE90066F447 /* MobileCourierApp.swift */ = {isa = PBXFileReference; lastKnownFileType = sourcecode.swift; path = MobileCourierApp.swift; sourceTree = "<group>"; };
		1B58EF782BE6BBE90066F447 /* MainView.swift */ = {isa = PBXFileReference; lastKnownFileType = sourcecode.swift; path = MainView.swift; sourceTree = "<group>"; };
		1B58EF7A2BE6BBEA0066F447 /* Assets.xcassets */ = {isa = PBXFileReference; lastKnownFileType = folder.assetcatalog; path = Assets.xcassets; sourceTree = "<group>"; };
		1B58EF7C2BE6BBEA0066F447 /* mobile_courier_app.entitlements */ = {isa = PBXFileReference; lastKnownFileType = text.plist.entitlements; path = mobile_courier_app.entitlements; sourceTree = "<group>"; };
		1B58EF7E2BE6BBEA0066F447 /* Preview Assets.xcassets */ = {isa = PBXFileReference; lastKnownFileType = folder.assetcatalog; path = "Preview Assets.xcassets"; sourceTree = "<group>"; };
		1B58EF842BE6BBEA0066F447 /* mobile-courier-appTests.xctest */ = {isa = PBXFileReference; explicitFileType = wrapper.cfbundle; includeInIndex = 0; path = "mobile-courier-appTests.xctest"; sourceTree = BUILT_PRODUCTS_DIR; };
		1B58EF882BE6BBEA0066F447 /* LoginViewModelTests.swift */ = {isa = PBXFileReference; lastKnownFileType = sourcecode.swift; path = LoginViewModelTests.swift; sourceTree = "<group>"; };
		1B58EF8E2BE6BBEA0066F447 /* mobile-courier-appUITests.xctest */ = {isa = PBXFileReference; explicitFileType = wrapper.cfbundle; includeInIndex = 0; path = "mobile-courier-appUITests.xctest"; sourceTree = BUILT_PRODUCTS_DIR; };
		1B58EF922BE6BBEA0066F447 /* MobileCourierAppUITests.swift */ = {isa = PBXFileReference; lastKnownFileType = sourcecode.swift; path = MobileCourierAppUITests.swift; sourceTree = "<group>"; };
		1B58EF942BE6BBEA0066F447 /* MobileCourierAppUITestsLaunchTests.swift */ = {isa = PBXFileReference; lastKnownFileType = sourcecode.swift; path = MobileCourierAppUITestsLaunchTests.swift; sourceTree = "<group>"; };
		1B58EFA22BE6BF9A0066F447 /* LoginView.swift */ = {isa = PBXFileReference; lastKnownFileType = sourcecode.swift; path = LoginView.swift; sourceTree = "<group>"; };
		1B58EFA42BE6BFBB0066F447 /* LoginViewModel.swift */ = {isa = PBXFileReference; lastKnownFileType = sourcecode.swift; path = LoginViewModel.swift; sourceTree = "<group>"; };
		1B58EFA82BE6C0070066F447 /* BorderedViewModifier.swift */ = {isa = PBXFileReference; lastKnownFileType = sourcecode.swift; path = BorderedViewModifier.swift; sourceTree = "<group>"; };
		1B58EFAA2BE6C1F30066F447 /* LaunchScreen.storyboard */ = {isa = PBXFileReference; lastKnownFileType = file.storyboard; path = LaunchScreen.storyboard; sourceTree = "<group>"; };
		1B58EFAD2BE6C2BE0066F447 /* CourierTextFieldStyle.swift */ = {isa = PBXFileReference; lastKnownFileType = sourcecode.swift; path = CourierTextFieldStyle.swift; sourceTree = "<group>"; };
		1B58EFB82BE729D20066F447 /* Endpoint.swift */ = {isa = PBXFileReference; lastKnownFileType = sourcecode.swift; path = Endpoint.swift; sourceTree = "<group>"; };
		1B5EBFFD2C081DDA003BC2D9 /* AuthData.swift */ = {isa = PBXFileReference; lastKnownFileType = sourcecode.swift; path = AuthData.swift; sourceTree = "<group>"; };
		1B85000D2C10033D006E96A0 /* ToastView.swift */ = {isa = PBXFileReference; lastKnownFileType = sourcecode.swift; path = ToastView.swift; sourceTree = "<group>"; };
		1B85000F2C1004D0006E96A0 /* ToastModifier.swift */ = {isa = PBXFileReference; lastKnownFileType = sourcecode.swift; path = ToastModifier.swift; sourceTree = "<group>"; };
		1B8500142C100DF1006E96A0 /* ProfileView.swift */ = {isa = PBXFileReference; lastKnownFileType = sourcecode.swift; path = ProfileView.swift; sourceTree = "<group>"; };
		1B85E8E12BFC4DAE003040CC /* LoginModel.swift */ = {isa = PBXFileReference; lastKnownFileType = sourcecode.swift; path = LoginModel.swift; sourceTree = "<group>"; };
		1B85E8E62BFC4E24003040CC /* LoginEntity.swift */ = {isa = PBXFileReference; lastKnownFileType = sourcecode.swift; path = LoginEntity.swift; sourceTree = "<group>"; };
		1B85E8E92BFC4E85003040CC /* AuthRepository.swift */ = {isa = PBXFileReference; lastKnownFileType = sourcecode.swift; path = AuthRepository.swift; sourceTree = "<group>"; };
		1B9274CA2C1156C6008F4FA3 /* AppData.swift */ = {isa = PBXFileReference; lastKnownFileType = sourcecode.swift; path = AppData.swift; sourceTree = "<group>"; };
		1B9274CC2C1158E0008F4FA3 /* AddressEndpoints.swift */ = {isa = PBXFileReference; lastKnownFileType = sourcecode.swift; path = AddressEndpoints.swift; sourceTree = "<group>"; };
		1B9274CF2C115AF1008F4FA3 /* AddressesModel.swift */ = {isa = PBXFileReference; lastKnownFileType = sourcecode.swift; path = AddressesModel.swift; sourceTree = "<group>"; };
		1B9274D12C115E53008F4FA3 /* AddressRepositoryProtocol.swift */ = {isa = PBXFileReference; lastKnownFileType = sourcecode.swift; path = AddressRepositoryProtocol.swift; sourceTree = "<group>"; };
		1B9274D32C115EA4008F4FA3 /* AddressesEntity.swift */ = {isa = PBXFileReference; lastKnownFileType = sourcecode.swift; path = AddressesEntity.swift; sourceTree = "<group>"; };
		1B99600E2C12992F00976BBC /* AddressRespository.swift */ = {isa = PBXFileReference; lastKnownFileType = sourcecode.swift; path = AddressRespository.swift; sourceTree = "<group>"; };
		1B9960102C129BFB00976BBC /* ProfileViewModel.swift */ = {isa = PBXFileReference; lastKnownFileType = sourcecode.swift; path = ProfileViewModel.swift; sourceTree = "<group>"; };
		1BAB0EE52BFEE2D9004DF155 /* Localizable.xcstrings */ = {isa = PBXFileReference; lastKnownFileType = text.json.xcstrings; path = Localizable.xcstrings; sourceTree = "<group>"; };
		1BC071792C140C6A006EC08E /* ProfileViewModelMock.swift */ = {isa = PBXFileReference; lastKnownFileType = sourcecode.swift; path = ProfileViewModelMock.swift; sourceTree = "<group>"; };
		1BC0717B2C140CA9006EC08E /* AddressesRepositoryMock.swift */ = {isa = PBXFileReference; lastKnownFileType = sourcecode.swift; path = AddressesRepositoryMock.swift; sourceTree = "<group>"; };
		1BC0717D2C140F86006EC08E /* EnviosView.swift */ = {isa = PBXFileReference; lastKnownFileType = sourcecode.swift; path = EnviosView.swift; sourceTree = "<group>"; };
		1BD17E622C0EB438009B6C67 /* Coordinator.swift */ = {isa = PBXFileReference; lastKnownFileType = sourcecode.swift; path = Coordinator.swift; sourceTree = "<group>"; };
		1BE58CA52C05727500C7DF63 /* AuthRepositoryMock.swift */ = {isa = PBXFileReference; lastKnownFileType = sourcecode.swift; path = AuthRepositoryMock.swift; sourceTree = "<group>"; };
		1BE58CA72C0572B400C7DF63 /* StorageMock.swift */ = {isa = PBXFileReference; lastKnownFileType = sourcecode.swift; path = StorageMock.swift; sourceTree = "<group>"; };
		1BE58CA92C05731B00C7DF63 /* LoginViewModelMock.swift */ = {isa = PBXFileReference; lastKnownFileType = sourcecode.swift; path = LoginViewModelMock.swift; sourceTree = "<group>"; };
		1BE58CAD2C05757000C7DF63 /* AuthRepositorySpy.swift */ = {isa = PBXFileReference; lastKnownFileType = sourcecode.swift; path = AuthRepositorySpy.swift; sourceTree = "<group>"; };
		1BE58CAF2C05757C00C7DF63 /* StorageSpy.swift */ = {isa = PBXFileReference; lastKnownFileType = sourcecode.swift; path = StorageSpy.swift; sourceTree = "<group>"; };
		1BE58CB22C0585C400C7DF63 /* HomeView.swift */ = {isa = PBXFileReference; lastKnownFileType = sourcecode.swift; path = HomeView.swift; sourceTree = "<group>"; };
		1BE63F6C2BE9193E0016A26E /* APIRequestClient.swift */ = {isa = PBXFileReference; lastKnownFileType = sourcecode.swift; path = APIRequestClient.swift; sourceTree = "<group>"; };
		1BE63F6E2BE972A60016A26E /* AuthRepositoryProtocol.swift */ = {isa = PBXFileReference; lastKnownFileType = sourcecode.swift; path = AuthRepositoryProtocol.swift; sourceTree = "<group>"; };
		1BE63F702BE980D60016A26E /* Storage.swift */ = {isa = PBXFileReference; lastKnownFileType = sourcecode.swift; path = Storage.swift; sourceTree = "<group>"; };
		1BE63F722BE98ADD0016A26E /* Info.plist */ = {isa = PBXFileReference; lastKnownFileType = text.plist; path = Info.plist; sourceTree = "<group>"; };
		1BEE841E2C17D6FF00B8A367 /* RowView.swift */ = {isa = PBXFileReference; lastKnownFileType = sourcecode.swift; path = RowView.swift; sourceTree = "<group>"; };
/* End PBXFileReference section */

/* Begin PBXFrameworksBuildPhase section */
		1B58EF702BE6BBE90066F447 /* Frameworks */ = {
			isa = PBXFrameworksBuildPhase;
			buildActionMask = 2147483647;
			files = (
			);
			runOnlyForDeploymentPostprocessing = 0;
		};
		1B58EF812BE6BBEA0066F447 /* Frameworks */ = {
			isa = PBXFrameworksBuildPhase;
			buildActionMask = 2147483647;
			files = (
			);
			runOnlyForDeploymentPostprocessing = 0;
		};
		1B58EF8B2BE6BBEA0066F447 /* Frameworks */ = {
			isa = PBXFrameworksBuildPhase;
			buildActionMask = 2147483647;
			files = (
			);
			runOnlyForDeploymentPostprocessing = 0;
		};
/* End PBXFrameworksBuildPhase section */

/* Begin PBXGroup section */
		1B07BC8B2BFD676100D8B149 /* Helpers */ = {
			isa = PBXGroup;
			children = (
				1B07BC8C2BFD677900D8B149 /* RippleSpinnerView.swift */,
				1B85000D2C10033D006E96A0 /* ToastView.swift */,
			);
			path = Helpers;
			sourceTree = "<group>";
		};
		1B58EF6A2BE6BBE90066F447 = {
			isa = PBXGroup;
			children = (
				1B58EF752BE6BBE90066F447 /* mobile-courier-app */,
				1B58EF872BE6BBEA0066F447 /* mobile-courier-appTests */,
				1B58EF912BE6BBEA0066F447 /* mobile-courier-appUITests */,
				1B58EF742BE6BBE90066F447 /* Products */,
				1B9D15A02C02D904001F47E8 /* Frameworks */,
			);
			sourceTree = "<group>";
		};
		1B58EF742BE6BBE90066F447 /* Products */ = {
			isa = PBXGroup;
			children = (
				1B58EF732BE6BBE90066F447 /* mobile-courier-app.app */,
				1B58EF842BE6BBEA0066F447 /* mobile-courier-appTests.xctest */,
				1B58EF8E2BE6BBEA0066F447 /* mobile-courier-appUITests.xctest */,
			);
			name = Products;
			sourceTree = "<group>";
		};
		1B58EF752BE6BBE90066F447 /* mobile-courier-app */ = {
			isa = PBXGroup;
			children = (
				1B85E8EB2BFC4EAB003040CC /* Presentation */,
				1B85E8E42BFC4E00003040CC /* Data */,
				1B85E8E32BFC4DF9003040CC /* Domain */,
				1BE63F722BE98ADD0016A26E /* Info.plist */,
				1B58EFA62BE6BFD70066F447 /* Utilities */,
				1B58EF762BE6BBE90066F447 /* MobileCourierApp.swift */,
				1B58EF782BE6BBE90066F447 /* MainView.swift */,
				1B58EF7A2BE6BBEA0066F447 /* Assets.xcassets */,
				1B58EF7C2BE6BBEA0066F447 /* mobile_courier_app.entitlements */,
				1B58EF7D2BE6BBEA0066F447 /* Preview Content */,
				1B58EFAA2BE6C1F30066F447 /* LaunchScreen.storyboard */,
			);
			path = "mobile-courier-app";
			sourceTree = "<group>";
		};
		1B58EF7D2BE6BBEA0066F447 /* Preview Content */ = {
			isa = PBXGroup;
			children = (
				1B58EF7E2BE6BBEA0066F447 /* Preview Assets.xcassets */,
			);
			path = "Preview Content";
			sourceTree = "<group>";
		};
		1B58EF872BE6BBEA0066F447 /* mobile-courier-appTests */ = {
			isa = PBXGroup;
			children = (
				1BE58CAB2C05755100C7DF63 /* Doubles */,
				1B58EF882BE6BBEA0066F447 /* LoginViewModelTests.swift */,
			);
			path = "mobile-courier-appTests";
			sourceTree = "<group>";
		};
		1B58EF912BE6BBEA0066F447 /* mobile-courier-appUITests */ = {
			isa = PBXGroup;
			children = (
				1B58EF922BE6BBEA0066F447 /* MobileCourierAppUITests.swift */,
				1B58EF942BE6BBEA0066F447 /* MobileCourierAppUITestsLaunchTests.swift */,
			);
			path = "mobile-courier-appUITests";
			sourceTree = "<group>";
		};
		1B58EFA12BE6BF870066F447 /* Login */ = {
			isa = PBXGroup;
			children = (
				1B58EFA22BE6BF9A0066F447 /* LoginView.swift */,
				1B58EFA42BE6BFBB0066F447 /* LoginViewModel.swift */,
			);
			path = Login;
			sourceTree = "<group>";
		};
		1B58EFA62BE6BFD70066F447 /* Utilities */ = {
			isa = PBXGroup;
			children = (
				1BAB0EE52BFEE2D9004DF155 /* Localizable.xcstrings */,
				1B58EFAC2BE6C2A70066F447 /* Styles */,
				1B58EFA72BE6BFDF0066F447 /* Modifiers */,
				1BE63F702BE980D60016A26E /* Storage.swift */,
			);
			path = Utilities;
			sourceTree = "<group>";
		};
		1B58EFA72BE6BFDF0066F447 /* Modifiers */ = {
			isa = PBXGroup;
			children = (
				1B58EFA82BE6C0070066F447 /* BorderedViewModifier.swift */,
				1B85000F2C1004D0006E96A0 /* ToastModifier.swift */,
			);
			path = Modifiers;
			sourceTree = "<group>";
		};
		1B58EFAC2BE6C2A70066F447 /* Styles */ = {
			isa = PBXGroup;
			children = (
				1B58EFAD2BE6C2BE0066F447 /* CourierTextFieldStyle.swift */,
			);
			path = Styles;
			sourceTree = "<group>";
		};
		1B58EFAF2BE6E9D00066F447 /* Networking */ = {
			isa = PBXGroup;
			children = (
				1B9274CE2C1158E6008F4FA3 /* Endpoints */,
				1B85E8E02BFC4D9F003040CC /* Models */,
				1BE63F6C2BE9193E0016A26E /* APIRequestClient.swift */,
				1B9274CA2C1156C6008F4FA3 /* AppData.swift */,
			);
			path = Networking;
			sourceTree = "<group>";
		};
		1B8500132C100DE2006E96A0 /* Profile */ = {
			isa = PBXGroup;
			children = (
				1B8500142C100DF1006E96A0 /* ProfileView.swift */,
				1B9960102C129BFB00976BBC /* ProfileViewModel.swift */,
				1BC0717D2C140F86006EC08E /* EnviosView.swift */,
				1BEE841E2C17D6FF00B8A367 /* RowView.swift */,
			);
			path = Profile;
			sourceTree = "<group>";
		};
		1B85E8DF2BFC4D0B003040CC /* Repositories */ = {
			isa = PBXGroup;
			children = (
				1BE63F6E2BE972A60016A26E /* AuthRepositoryProtocol.swift */,
				1B9274D12C115E53008F4FA3 /* AddressRepositoryProtocol.swift */,
			);
			path = Repositories;
			sourceTree = "<group>";
		};
		1B85E8E02BFC4D9F003040CC /* Models */ = {
			isa = PBXGroup;
			children = (
				1B85E8E12BFC4DAE003040CC /* LoginModel.swift */,
				1B9274CF2C115AF1008F4FA3 /* AddressesModel.swift */,
			);
			path = Models;
			sourceTree = "<group>";
		};
		1B85E8E32BFC4DF9003040CC /* Domain */ = {
			isa = PBXGroup;
			children = (
				1B85E8E52BFC4E12003040CC /* Entities */,
				1B85E8DF2BFC4D0B003040CC /* Repositories */,
			);
			path = Domain;
			sourceTree = "<group>";
		};
		1B85E8E42BFC4E00003040CC /* Data */ = {
			isa = PBXGroup;
			children = (
				1B5EBFFD2C081DDA003BC2D9 /* AuthData.swift */,
				1B85E8E82BFC4E4E003040CC /* ConcreteRepositories */,
				1B58EFAF2BE6E9D00066F447 /* Networking */,
			);
			path = Data;
			sourceTree = "<group>";
		};
		1B85E8E52BFC4E12003040CC /* Entities */ = {
			isa = PBXGroup;
			children = (
				1B85E8E62BFC4E24003040CC /* LoginEntity.swift */,
				1B9274D32C115EA4008F4FA3 /* AddressesEntity.swift */,
			);
			path = Entities;
			sourceTree = "<group>";
		};
		1B85E8E82BFC4E4E003040CC /* ConcreteRepositories */ = {
			isa = PBXGroup;
			children = (
				1B85E8E92BFC4E85003040CC /* AuthRepository.swift */,
				1B99600E2C12992F00976BBC /* AddressRespository.swift */,
			);
			path = ConcreteRepositories;
			sourceTree = "<group>";
		};
		1B85E8EB2BFC4EAB003040CC /* Presentation */ = {
			isa = PBXGroup;
			children = (
				1B8500132C100DE2006E96A0 /* Profile */,
				1BD17E612C0EB42B009B6C67 /* Navigation */,
				1BE58CB12C0585B400C7DF63 /* Home */,
				1BE58CA42C05725500C7DF63 /* Previews */,
				1B07BC8B2BFD676100D8B149 /* Helpers */,
				1B58EFA12BE6BF870066F447 /* Login */,
			);
			path = Presentation;
			sourceTree = "<group>";
		};
		1B9274CE2C1158E6008F4FA3 /* Endpoints */ = {
			isa = PBXGroup;
			children = (
				1B58EFB82BE729D20066F447 /* Endpoint.swift */,
				1B0557F52BE9074100367124 /* AuthEndpoints.swift */,
				1B9274CC2C1158E0008F4FA3 /* AddressEndpoints.swift */,
			);
			path = Endpoints;
			sourceTree = "<group>";
		};
		1B9D15A02C02D904001F47E8 /* Frameworks */ = {
			isa = PBXGroup;
			children = (
			);
			name = Frameworks;
			sourceTree = "<group>";
		};
		1BD17E612C0EB42B009B6C67 /* Navigation */ = {
			isa = PBXGroup;
			children = (
				1BD17E622C0EB438009B6C67 /* Coordinator.swift */,
			);
			path = Navigation;
			sourceTree = "<group>";
		};
		1BE58CA42C05725500C7DF63 /* Previews */ = {
			isa = PBXGroup;
			children = (
				1BE58CA52C05727500C7DF63 /* AuthRepositoryMock.swift */,
				1BE58CA72C0572B400C7DF63 /* StorageMock.swift */,
				1BE58CA92C05731B00C7DF63 /* LoginViewModelMock.swift */,
				1BC071792C140C6A006EC08E /* ProfileViewModelMock.swift */,
				1BC0717B2C140CA9006EC08E /* AddressesRepositoryMock.swift */,
			);
			path = Previews;
			sourceTree = "<group>";
		};
		1BE58CAB2C05755100C7DF63 /* Doubles */ = {
			isa = PBXGroup;
			children = (
				1BE58CAC2C05755600C7DF63 /* Spy */,
			);
			path = Doubles;
			sourceTree = "<group>";
		};
		1BE58CAC2C05755600C7DF63 /* Spy */ = {
			isa = PBXGroup;
			children = (
				1BE58CAD2C05757000C7DF63 /* AuthRepositorySpy.swift */,
				1BE58CAF2C05757C00C7DF63 /* StorageSpy.swift */,
			);
			path = Spy;
			sourceTree = "<group>";
		};
		1BE58CB12C0585B400C7DF63 /* Home */ = {
			isa = PBXGroup;
			children = (
				1BE58CB22C0585C400C7DF63 /* HomeView.swift */,
			);
			path = Home;
			sourceTree = "<group>";
		};
/* End PBXGroup section */

/* Begin PBXNativeTarget section */
		1B58EF722BE6BBE90066F447 /* mobile-courier-app */ = {
			isa = PBXNativeTarget;
			buildConfigurationList = 1B58EF982BE6BBEA0066F447 /* Build configuration list for PBXNativeTarget "mobile-courier-app" */;
			buildPhases = (
				1B58EF6F2BE6BBE90066F447 /* Sources */,
				1B9D15A32C02DAF8001F47E8 /* Swiftlint */,
				1B58EF702BE6BBE90066F447 /* Frameworks */,
				1B58EF712BE6BBE90066F447 /* Resources */,
			);
			buildRules = (
			);
			dependencies = (
			);
			name = "mobile-courier-app";
			packageProductDependencies = (
			);
			productName = "mobile-courier-app";
			productReference = 1B58EF732BE6BBE90066F447 /* mobile-courier-app.app */;
			productType = "com.apple.product-type.application";
		};
		1B58EF832BE6BBEA0066F447 /* mobile-courier-appTests */ = {
			isa = PBXNativeTarget;
			buildConfigurationList = 1B58EF9B2BE6BBEA0066F447 /* Build configuration list for PBXNativeTarget "mobile-courier-appTests" */;
			buildPhases = (
				1B58EF802BE6BBEA0066F447 /* Sources */,
				1B58EF812BE6BBEA0066F447 /* Frameworks */,
				1B58EF822BE6BBEA0066F447 /* Resources */,
			);
			buildRules = (
			);
			dependencies = (
				1B58EF862BE6BBEA0066F447 /* PBXTargetDependency */,
			);
			name = "mobile-courier-appTests";
			productName = "mobile-courier-appTests";
			productReference = 1B58EF842BE6BBEA0066F447 /* mobile-courier-appTests.xctest */;
			productType = "com.apple.product-type.bundle.unit-test";
		};
		1B58EF8D2BE6BBEA0066F447 /* mobile-courier-appUITests */ = {
			isa = PBXNativeTarget;
			buildConfigurationList = 1B58EF9E2BE6BBEA0066F447 /* Build configuration list for PBXNativeTarget "mobile-courier-appUITests" */;
			buildPhases = (
				1B58EF8A2BE6BBEA0066F447 /* Sources */,
				1B58EF8B2BE6BBEA0066F447 /* Frameworks */,
				1B58EF8C2BE6BBEA0066F447 /* Resources */,
			);
			buildRules = (
			);
			dependencies = (
				1B58EF902BE6BBEA0066F447 /* PBXTargetDependency */,
			);
			name = "mobile-courier-appUITests";
			productName = "mobile-courier-appUITests";
			productReference = 1B58EF8E2BE6BBEA0066F447 /* mobile-courier-appUITests.xctest */;
			productType = "com.apple.product-type.bundle.ui-testing";
		};
/* End PBXNativeTarget section */

/* Begin PBXProject section */
		1B58EF6B2BE6BBE90066F447 /* Project object */ = {
			isa = PBXProject;
			attributes = {
				BuildIndependentTargetsInParallel = 1;
				LastSwiftUpdateCheck = 1530;
				LastUpgradeCheck = 1530;
				TargetAttributes = {
					1B58EF722BE6BBE90066F447 = {
						CreatedOnToolsVersion = 15.3;
					};
					1B58EF832BE6BBEA0066F447 = {
						CreatedOnToolsVersion = 15.3;
						TestTargetID = 1B58EF722BE6BBE90066F447;
					};
					1B58EF8D2BE6BBEA0066F447 = {
						CreatedOnToolsVersion = 15.3;
						TestTargetID = 1B58EF722BE6BBE90066F447;
					};
				};
			};
			buildConfigurationList = 1B58EF6E2BE6BBE90066F447 /* Build configuration list for PBXProject "mobile-courier-app" */;
			compatibilityVersion = "Xcode 14.0";
			developmentRegion = en;
			hasScannedForEncodings = 0;
			knownRegions = (
				en,
				Base,
				es,
			);
			mainGroup = 1B58EF6A2BE6BBE90066F447;
			packageReferences = (
			);
			productRefGroup = 1B58EF742BE6BBE90066F447 /* Products */;
			projectDirPath = "";
			projectRoot = "";
			targets = (
				1B58EF722BE6BBE90066F447 /* mobile-courier-app */,
				1B58EF832BE6BBEA0066F447 /* mobile-courier-appTests */,
				1B58EF8D2BE6BBEA0066F447 /* mobile-courier-appUITests */,
			);
		};
/* End PBXProject section */

/* Begin PBXResourcesBuildPhase section */
		1B58EF712BE6BBE90066F447 /* Resources */ = {
			isa = PBXResourcesBuildPhase;
			buildActionMask = 2147483647;
			files = (
				1B58EFAB2BE6C1F30066F447 /* LaunchScreen.storyboard in Resources */,
				1BAB0EE62BFEE2D9004DF155 /* Localizable.xcstrings in Resources */,
				1B58EF7F2BE6BBEA0066F447 /* Preview Assets.xcassets in Resources */,
				1B58EF7B2BE6BBEA0066F447 /* Assets.xcassets in Resources */,
			);
			runOnlyForDeploymentPostprocessing = 0;
		};
		1B58EF822BE6BBEA0066F447 /* Resources */ = {
			isa = PBXResourcesBuildPhase;
			buildActionMask = 2147483647;
			files = (
			);
			runOnlyForDeploymentPostprocessing = 0;
		};
		1B58EF8C2BE6BBEA0066F447 /* Resources */ = {
			isa = PBXResourcesBuildPhase;
			buildActionMask = 2147483647;
			files = (
			);
			runOnlyForDeploymentPostprocessing = 0;
		};
/* End PBXResourcesBuildPhase section */

/* Begin PBXShellScriptBuildPhase section */
		1B9D15A32C02DAF8001F47E8 /* Swiftlint */ = {
			isa = PBXShellScriptBuildPhase;
			alwaysOutOfDate = 1;
			buildActionMask = 2147483647;
			files = (
			);
			inputFileListPaths = (
			);
			inputPaths = (
			);
			name = Swiftlint;
			outputFileListPaths = (
			);
			outputPaths = (
			);
			runOnlyForDeploymentPostprocessing = 0;
			shellPath = /bin/sh;
			shellScript = "if [[ \"$(uname -m)\" == arm64 ]]\nthen\n    export PATH=\"/opt/homebrew/bin:$PATH\"\nfi\n\nif command -v swiftlint >/dev/null 2>&1\nthen\n    swiftlint\nelse\n    echo \"warning: `swiftlint` command not found - See https://github.com/realm/SwiftLint#installation for installation instructions.\"\nfi\n";
		};
/* End PBXShellScriptBuildPhase section */

/* Begin PBXSourcesBuildPhase section */
		1B58EF6F2BE6BBE90066F447 /* Sources */ = {
			isa = PBXSourcesBuildPhase;
			buildActionMask = 2147483647;
			files = (
				1B99600F2C12992F00976BBC /* AddressRespository.swift in Sources */,
				1B58EFB92BE729D20066F447 /* Endpoint.swift in Sources */,
				1B07BC8D2BFD677900D8B149 /* RippleSpinnerView.swift in Sources */,
				1B9274D02C115AF1008F4FA3 /* AddressesModel.swift in Sources */,
				1BE58CA82C0572B400C7DF63 /* StorageMock.swift in Sources */,
				1B85E8E22BFC4DAE003040CC /* LoginModel.swift in Sources */,
				1B9274CB2C1156C6008F4FA3 /* AppData.swift in Sources */,
				1BE58CAA2C05731B00C7DF63 /* LoginViewModelMock.swift in Sources */,
				1BE63F712BE980D60016A26E /* Storage.swift in Sources */,
				1B85000E2C10033D006E96A0 /* ToastView.swift in Sources */,
				1B8500102C1004D0006E96A0 /* ToastModifier.swift in Sources */,
				1B58EFA52BE6BFBB0066F447 /* LoginViewModel.swift in Sources */,
				1B9960112C129BFB00976BBC /* ProfileViewModel.swift in Sources */,
				1B58EFAE2BE6C2BE0066F447 /* CourierTextFieldStyle.swift in Sources */,
				1B58EFA32BE6BF9A0066F447 /* LoginView.swift in Sources */,
				1B0557F62BE9074100367124 /* AuthEndpoints.swift in Sources */,
				1BEE841F2C17D6FF00B8A367 /* RowView.swift in Sources */,
				1BC0717E2C140F86006EC08E /* EnviosView.swift in Sources */,
				1B9274D22C115E53008F4FA3 /* AddressRepositoryProtocol.swift in Sources */,
				1B58EF792BE6BBE90066F447 /* MainView.swift in Sources */,
				1BE63F6D2BE9193E0016A26E /* APIRequestClient.swift in Sources */,
				1BE63F6F2BE972A60016A26E /* AuthRepositoryProtocol.swift in Sources */,
				1B58EFA92BE6C0070066F447 /* BorderedViewModifier.swift in Sources */,
				1BC0717C2C140CA9006EC08E /* AddressesRepositoryMock.swift in Sources */,
				1B9274D42C115EA4008F4FA3 /* AddressesEntity.swift in Sources */,
				1B8500152C100DF1006E96A0 /* ProfileView.swift in Sources */,
				1B85E8EA2BFC4E85003040CC /* AuthRepository.swift in Sources */,
				1B9274CD2C1158E0008F4FA3 /* AddressEndpoints.swift in Sources */,
				1B85E8E72BFC4E24003040CC /* LoginEntity.swift in Sources */,
				1B58EF772BE6BBE90066F447 /* MobileCourierApp.swift in Sources */,
				1B5EBFFE2C081DDA003BC2D9 /* AuthData.swift in Sources */,
				1BC0717A2C140C6A006EC08E /* ProfileViewModelMock.swift in Sources */,
				1BE58CA62C05727500C7DF63 /* AuthRepositoryMock.swift in Sources */,
				1BE58CB32C0585C400C7DF63 /* HomeView.swift in Sources */,
				1BD17E632C0EB438009B6C67 /* Coordinator.swift in Sources */,
			);
			runOnlyForDeploymentPostprocessing = 0;
		};
		1B58EF802BE6BBEA0066F447 /* Sources */ = {
			isa = PBXSourcesBuildPhase;
			buildActionMask = 2147483647;
			files = (
				1BE58CAE2C05757000C7DF63 /* AuthRepositorySpy.swift in Sources */,
				1BE58CB02C05757C00C7DF63 /* StorageSpy.swift in Sources */,
				1B58EF892BE6BBEA0066F447 /* LoginViewModelTests.swift in Sources */,
			);
			runOnlyForDeploymentPostprocessing = 0;
		};
		1B58EF8A2BE6BBEA0066F447 /* Sources */ = {
			isa = PBXSourcesBuildPhase;
			buildActionMask = 2147483647;
			files = (
				1B58EF952BE6BBEA0066F447 /* MobileCourierAppUITestsLaunchTests.swift in Sources */,
				1B58EF932BE6BBEA0066F447 /* MobileCourierAppUITests.swift in Sources */,
			);
			runOnlyForDeploymentPostprocessing = 0;
		};
/* End PBXSourcesBuildPhase section */

/* Begin PBXTargetDependency section */
		1B58EF862BE6BBEA0066F447 /* PBXTargetDependency */ = {
			isa = PBXTargetDependency;
			target = 1B58EF722BE6BBE90066F447 /* mobile-courier-app */;
			targetProxy = 1B58EF852BE6BBEA0066F447 /* PBXContainerItemProxy */;
		};
		1B58EF902BE6BBEA0066F447 /* PBXTargetDependency */ = {
			isa = PBXTargetDependency;
			target = 1B58EF722BE6BBE90066F447 /* mobile-courier-app */;
			targetProxy = 1B58EF8F2BE6BBEA0066F447 /* PBXContainerItemProxy */;
		};
/* End PBXTargetDependency section */

/* Begin XCBuildConfiguration section */
		1B58EF962BE6BBEA0066F447 /* Debug */ = {
			isa = XCBuildConfiguration;
			buildSettings = {
				ALWAYS_SEARCH_USER_PATHS = NO;
				ASSETCATALOG_COMPILER_GENERATE_SWIFT_ASSET_SYMBOL_EXTENSIONS = YES;
				CLANG_ANALYZER_NONNULL = YES;
				CLANG_ANALYZER_NUMBER_OBJECT_CONVERSION = YES_AGGRESSIVE;
				CLANG_CXX_LANGUAGE_STANDARD = "gnu++20";
				CLANG_ENABLE_MODULES = YES;
				CLANG_ENABLE_OBJC_ARC = YES;
				CLANG_ENABLE_OBJC_WEAK = YES;
				CLANG_WARN_BLOCK_CAPTURE_AUTORELEASING = YES;
				CLANG_WARN_BOOL_CONVERSION = YES;
				CLANG_WARN_COMMA = YES;
				CLANG_WARN_CONSTANT_CONVERSION = YES;
				CLANG_WARN_DEPRECATED_OBJC_IMPLEMENTATIONS = YES;
				CLANG_WARN_DIRECT_OBJC_ISA_USAGE = YES_ERROR;
				CLANG_WARN_DOCUMENTATION_COMMENTS = YES;
				CLANG_WARN_EMPTY_BODY = YES;
				CLANG_WARN_ENUM_CONVERSION = YES;
				CLANG_WARN_INFINITE_RECURSION = YES;
				CLANG_WARN_INT_CONVERSION = YES;
				CLANG_WARN_NON_LITERAL_NULL_CONVERSION = YES;
				CLANG_WARN_OBJC_IMPLICIT_RETAIN_SELF = YES;
				CLANG_WARN_OBJC_LITERAL_CONVERSION = YES;
				CLANG_WARN_OBJC_ROOT_CLASS = YES_ERROR;
				CLANG_WARN_QUOTED_INCLUDE_IN_FRAMEWORK_HEADER = YES;
				CLANG_WARN_RANGE_LOOP_ANALYSIS = YES;
				CLANG_WARN_STRICT_PROTOTYPES = YES;
				CLANG_WARN_SUSPICIOUS_MOVE = YES;
				CLANG_WARN_UNGUARDED_AVAILABILITY = YES_AGGRESSIVE;
				CLANG_WARN_UNREACHABLE_CODE = YES;
				CLANG_WARN__DUPLICATE_METHOD_MATCH = YES;
				COPY_PHASE_STRIP = NO;
				DEBUG_INFORMATION_FORMAT = dwarf;
				ENABLE_STRICT_OBJC_MSGSEND = YES;
				ENABLE_TESTABILITY = YES;
				ENABLE_USER_SCRIPT_SANDBOXING = YES;
				GCC_C_LANGUAGE_STANDARD = gnu17;
				GCC_DYNAMIC_NO_PIC = NO;
				GCC_NO_COMMON_BLOCKS = YES;
				GCC_OPTIMIZATION_LEVEL = 0;
				GCC_PREPROCESSOR_DEFINITIONS = (
					"DEBUG=1",
					"$(inherited)",
				);
				GCC_WARN_64_TO_32_BIT_CONVERSION = YES;
				GCC_WARN_ABOUT_RETURN_TYPE = YES_ERROR;
				GCC_WARN_UNDECLARED_SELECTOR = YES;
				GCC_WARN_UNINITIALIZED_AUTOS = YES_AGGRESSIVE;
				GCC_WARN_UNUSED_FUNCTION = YES;
				GCC_WARN_UNUSED_VARIABLE = YES;
				LOCALIZATION_PREFERS_STRING_CATALOGS = YES;
				MTL_ENABLE_DEBUG_INFO = INCLUDE_SOURCE;
				MTL_FAST_MATH = YES;
				ONLY_ACTIVE_ARCH = YES;
				SWIFT_ACTIVE_COMPILATION_CONDITIONS = "DEBUG $(inherited)";
				SWIFT_OPTIMIZATION_LEVEL = "-Onone";
			};
			name = Debug;
		};
		1B58EF972BE6BBEA0066F447 /* Release */ = {
			isa = XCBuildConfiguration;
			buildSettings = {
				ALWAYS_SEARCH_USER_PATHS = NO;
				ASSETCATALOG_COMPILER_GENERATE_SWIFT_ASSET_SYMBOL_EXTENSIONS = YES;
				CLANG_ANALYZER_NONNULL = YES;
				CLANG_ANALYZER_NUMBER_OBJECT_CONVERSION = YES_AGGRESSIVE;
				CLANG_CXX_LANGUAGE_STANDARD = "gnu++20";
				CLANG_ENABLE_MODULES = YES;
				CLANG_ENABLE_OBJC_ARC = YES;
				CLANG_ENABLE_OBJC_WEAK = YES;
				CLANG_WARN_BLOCK_CAPTURE_AUTORELEASING = YES;
				CLANG_WARN_BOOL_CONVERSION = YES;
				CLANG_WARN_COMMA = YES;
				CLANG_WARN_CONSTANT_CONVERSION = YES;
				CLANG_WARN_DEPRECATED_OBJC_IMPLEMENTATIONS = YES;
				CLANG_WARN_DIRECT_OBJC_ISA_USAGE = YES_ERROR;
				CLANG_WARN_DOCUMENTATION_COMMENTS = YES;
				CLANG_WARN_EMPTY_BODY = YES;
				CLANG_WARN_ENUM_CONVERSION = YES;
				CLANG_WARN_INFINITE_RECURSION = YES;
				CLANG_WARN_INT_CONVERSION = YES;
				CLANG_WARN_NON_LITERAL_NULL_CONVERSION = YES;
				CLANG_WARN_OBJC_IMPLICIT_RETAIN_SELF = YES;
				CLANG_WARN_OBJC_LITERAL_CONVERSION = YES;
				CLANG_WARN_OBJC_ROOT_CLASS = YES_ERROR;
				CLANG_WARN_QUOTED_INCLUDE_IN_FRAMEWORK_HEADER = YES;
				CLANG_WARN_RANGE_LOOP_ANALYSIS = YES;
				CLANG_WARN_STRICT_PROTOTYPES = YES;
				CLANG_WARN_SUSPICIOUS_MOVE = YES;
				CLANG_WARN_UNGUARDED_AVAILABILITY = YES_AGGRESSIVE;
				CLANG_WARN_UNREACHABLE_CODE = YES;
				CLANG_WARN__DUPLICATE_METHOD_MATCH = YES;
				COPY_PHASE_STRIP = NO;
				DEBUG_INFORMATION_FORMAT = "dwarf-with-dsym";
				ENABLE_NS_ASSERTIONS = NO;
				ENABLE_STRICT_OBJC_MSGSEND = YES;
				ENABLE_USER_SCRIPT_SANDBOXING = YES;
				GCC_C_LANGUAGE_STANDARD = gnu17;
				GCC_NO_COMMON_BLOCKS = YES;
				GCC_WARN_64_TO_32_BIT_CONVERSION = YES;
				GCC_WARN_ABOUT_RETURN_TYPE = YES_ERROR;
				GCC_WARN_UNDECLARED_SELECTOR = YES;
				GCC_WARN_UNINITIALIZED_AUTOS = YES_AGGRESSIVE;
				GCC_WARN_UNUSED_FUNCTION = YES;
				GCC_WARN_UNUSED_VARIABLE = YES;
				LOCALIZATION_PREFERS_STRING_CATALOGS = YES;
				MTL_ENABLE_DEBUG_INFO = NO;
				MTL_FAST_MATH = YES;
				SWIFT_COMPILATION_MODE = wholemodule;
			};
			name = Release;
		};
		1B58EF992BE6BBEA0066F447 /* Debug */ = {
			isa = XCBuildConfiguration;
			buildSettings = {
				ASSETCATALOG_COMPILER_APPICON_NAME = AppIcon;
				ASSETCATALOG_COMPILER_GLOBAL_ACCENT_COLOR_NAME = AccentColor;
				CODE_SIGN_ENTITLEMENTS = "mobile-courier-app/mobile_courier_app.entitlements";
				CODE_SIGN_STYLE = Automatic;
				CURRENT_PROJECT_VERSION = 1;
				DEVELOPMENT_ASSET_PATHS = "\"mobile-courier-app/Preview Content\"";
				ENABLE_PREVIEWS = YES;
				ENABLE_USER_SCRIPT_SANDBOXING = NO;
				GENERATE_INFOPLIST_FILE = YES;
				INFOPLIST_FILE = "mobile-courier-app/Info.plist";
				"INFOPLIST_KEY_UIApplicationSceneManifest_Generation[sdk=iphoneos*]" = YES;
				"INFOPLIST_KEY_UIApplicationSceneManifest_Generation[sdk=iphonesimulator*]" = YES;
				"INFOPLIST_KEY_UIApplicationSupportsIndirectInputEvents[sdk=iphoneos*]" = YES;
				"INFOPLIST_KEY_UIApplicationSupportsIndirectInputEvents[sdk=iphonesimulator*]" = YES;
				"INFOPLIST_KEY_UILaunchScreen_Generation[sdk=iphoneos*]" = YES;
				"INFOPLIST_KEY_UILaunchScreen_Generation[sdk=iphonesimulator*]" = YES;
				INFOPLIST_KEY_UILaunchStoryboardName = LaunchScreen.storyboard;
				"INFOPLIST_KEY_UIStatusBarStyle[sdk=iphoneos*]" = UIStatusBarStyleDefault;
				"INFOPLIST_KEY_UIStatusBarStyle[sdk=iphonesimulator*]" = UIStatusBarStyleDefault;
				INFOPLIST_KEY_UISupportedInterfaceOrientations_iPad = "UIInterfaceOrientationPortrait UIInterfaceOrientationPortraitUpsideDown UIInterfaceOrientationLandscapeLeft UIInterfaceOrientationLandscapeRight";
				INFOPLIST_KEY_UISupportedInterfaceOrientations_iPhone = "UIInterfaceOrientationPortrait UIInterfaceOrientationLandscapeLeft UIInterfaceOrientationLandscapeRight";
				IPHONEOS_DEPLOYMENT_TARGET = 16.0;
				LD_RUNPATH_SEARCH_PATHS = "@executable_path/Frameworks";
				"LD_RUNPATH_SEARCH_PATHS[sdk=macosx*]" = "@executable_path/../Frameworks";
				MACOSX_DEPLOYMENT_TARGET = 14.4;
				MARKETING_VERSION = 1.0;
				PRODUCT_BUNDLE_IDENTIFIER = "com.just.another.mobile-courier-app";
				PRODUCT_NAME = "$(TARGET_NAME)";
				SDKROOT = auto;
				SUPPORTED_PLATFORMS = "iphoneos iphonesimulator";
				SUPPORTS_MACCATALYST = NO;
				SWIFT_EMIT_LOC_STRINGS = YES;
				SWIFT_VERSION = 5.0;
				TARGETED_DEVICE_FAMILY = 1;
			};
			name = Debug;
		};
		1B58EF9A2BE6BBEA0066F447 /* Release */ = {
			isa = XCBuildConfiguration;
			buildSettings = {
				ASSETCATALOG_COMPILER_APPICON_NAME = AppIcon;
				ASSETCATALOG_COMPILER_GLOBAL_ACCENT_COLOR_NAME = AccentColor;
				CODE_SIGN_ENTITLEMENTS = "mobile-courier-app/mobile_courier_app.entitlements";
				CODE_SIGN_STYLE = Automatic;
				CURRENT_PROJECT_VERSION = 1;
				DEVELOPMENT_ASSET_PATHS = "\"mobile-courier-app/Preview Content\"";
				ENABLE_PREVIEWS = YES;
				ENABLE_USER_SCRIPT_SANDBOXING = NO;
				GENERATE_INFOPLIST_FILE = YES;
				INFOPLIST_FILE = "mobile-courier-app/Info.plist";
				"INFOPLIST_KEY_UIApplicationSceneManifest_Generation[sdk=iphoneos*]" = YES;
				"INFOPLIST_KEY_UIApplicationSceneManifest_Generation[sdk=iphonesimulator*]" = YES;
				"INFOPLIST_KEY_UIApplicationSupportsIndirectInputEvents[sdk=iphoneos*]" = YES;
				"INFOPLIST_KEY_UIApplicationSupportsIndirectInputEvents[sdk=iphonesimulator*]" = YES;
				"INFOPLIST_KEY_UILaunchScreen_Generation[sdk=iphoneos*]" = YES;
				"INFOPLIST_KEY_UILaunchScreen_Generation[sdk=iphonesimulator*]" = YES;
				INFOPLIST_KEY_UILaunchStoryboardName = LaunchScreen.storyboard;
				"INFOPLIST_KEY_UIStatusBarStyle[sdk=iphoneos*]" = UIStatusBarStyleDefault;
				"INFOPLIST_KEY_UIStatusBarStyle[sdk=iphonesimulator*]" = UIStatusBarStyleDefault;
				INFOPLIST_KEY_UISupportedInterfaceOrientations_iPad = "UIInterfaceOrientationPortrait UIInterfaceOrientationPortraitUpsideDown UIInterfaceOrientationLandscapeLeft UIInterfaceOrientationLandscapeRight";
				INFOPLIST_KEY_UISupportedInterfaceOrientations_iPhone = "UIInterfaceOrientationPortrait UIInterfaceOrientationLandscapeLeft UIInterfaceOrientationLandscapeRight";
				IPHONEOS_DEPLOYMENT_TARGET = 16.0;
				LD_RUNPATH_SEARCH_PATHS = "@executable_path/Frameworks";
				"LD_RUNPATH_SEARCH_PATHS[sdk=macosx*]" = "@executable_path/../Frameworks";
				MACOSX_DEPLOYMENT_TARGET = 14.4;
				MARKETING_VERSION = 1.0;
				PRODUCT_BUNDLE_IDENTIFIER = "com.just.another.mobile-courier-app";
				PRODUCT_NAME = "$(TARGET_NAME)";
				SDKROOT = auto;
				SUPPORTED_PLATFORMS = "iphoneos iphonesimulator";
				SUPPORTS_MACCATALYST = NO;
				SWIFT_EMIT_LOC_STRINGS = YES;
				SWIFT_VERSION = 5.0;
				TARGETED_DEVICE_FAMILY = 1;
			};
			name = Release;
		};
		1B58EF9C2BE6BBEA0066F447 /* Debug */ = {
			isa = XCBuildConfiguration;
			buildSettings = {
				ALWAYS_EMBED_SWIFT_STANDARD_LIBRARIES = YES;
				BUNDLE_LOADER = "$(TEST_HOST)";
				CODE_SIGN_STYLE = Automatic;
				CURRENT_PROJECT_VERSION = 1;
				GENERATE_INFOPLIST_FILE = YES;
				IPHONEOS_DEPLOYMENT_TARGET = 17.4;
				MACOSX_DEPLOYMENT_TARGET = 14.4;
				MARKETING_VERSION = 1.0;
				PRODUCT_BUNDLE_IDENTIFIER = "com.just.another.mobile-courier-appTests";
				PRODUCT_NAME = "$(TARGET_NAME)";
				SDKROOT = auto;
				SUPPORTED_PLATFORMS = "iphoneos iphonesimulator macosx";
				SWIFT_EMIT_LOC_STRINGS = NO;
				SWIFT_VERSION = 5.0;
				TARGETED_DEVICE_FAMILY = "1,2";
				TEST_HOST = "$(BUILT_PRODUCTS_DIR)/mobile-courier-app.app/$(BUNDLE_EXECUTABLE_FOLDER_PATH)/mobile-courier-app";
			};
			name = Debug;
		};
		1B58EF9D2BE6BBEA0066F447 /* Release */ = {
			isa = XCBuildConfiguration;
			buildSettings = {
				ALWAYS_EMBED_SWIFT_STANDARD_LIBRARIES = YES;
				BUNDLE_LOADER = "$(TEST_HOST)";
				CODE_SIGN_STYLE = Automatic;
				CURRENT_PROJECT_VERSION = 1;
				GENERATE_INFOPLIST_FILE = YES;
				IPHONEOS_DEPLOYMENT_TARGET = 17.4;
				MACOSX_DEPLOYMENT_TARGET = 14.4;
				MARKETING_VERSION = 1.0;
				PRODUCT_BUNDLE_IDENTIFIER = "com.just.another.mobile-courier-appTests";
				PRODUCT_NAME = "$(TARGET_NAME)";
				SDKROOT = auto;
				SUPPORTED_PLATFORMS = "iphoneos iphonesimulator macosx";
				SWIFT_EMIT_LOC_STRINGS = NO;
				SWIFT_VERSION = 5.0;
				TARGETED_DEVICE_FAMILY = "1,2";
				TEST_HOST = "$(BUILT_PRODUCTS_DIR)/mobile-courier-app.app/$(BUNDLE_EXECUTABLE_FOLDER_PATH)/mobile-courier-app";
			};
			name = Release;
		};
		1B58EF9F2BE6BBEA0066F447 /* Debug */ = {
			isa = XCBuildConfiguration;
			buildSettings = {
				ALWAYS_EMBED_SWIFT_STANDARD_LIBRARIES = YES;
				CODE_SIGN_STYLE = Automatic;
				CURRENT_PROJECT_VERSION = 1;
				GENERATE_INFOPLIST_FILE = YES;
				IPHONEOS_DEPLOYMENT_TARGET = 17.4;
				MACOSX_DEPLOYMENT_TARGET = 14.4;
				MARKETING_VERSION = 1.0;
				PRODUCT_BUNDLE_IDENTIFIER = "com.just.another.mobile-courier-appUITests";
				PRODUCT_NAME = "$(TARGET_NAME)";
				SDKROOT = auto;
				SUPPORTED_PLATFORMS = "iphoneos iphonesimulator macosx";
				SWIFT_EMIT_LOC_STRINGS = NO;
				SWIFT_VERSION = 5.0;
				TARGETED_DEVICE_FAMILY = "1,2";
				TEST_TARGET_NAME = "mobile-courier-app";
			};
			name = Debug;
		};
		1B58EFA02BE6BBEA0066F447 /* Release */ = {
			isa = XCBuildConfiguration;
			buildSettings = {
				ALWAYS_EMBED_SWIFT_STANDARD_LIBRARIES = YES;
				CODE_SIGN_STYLE = Automatic;
				CURRENT_PROJECT_VERSION = 1;
				GENERATE_INFOPLIST_FILE = YES;
				IPHONEOS_DEPLOYMENT_TARGET = 17.4;
				MACOSX_DEPLOYMENT_TARGET = 14.4;
				MARKETING_VERSION = 1.0;
				PRODUCT_BUNDLE_IDENTIFIER = "com.just.another.mobile-courier-appUITests";
				PRODUCT_NAME = "$(TARGET_NAME)";
				SDKROOT = auto;
				SUPPORTED_PLATFORMS = "iphoneos iphonesimulator macosx";
				SWIFT_EMIT_LOC_STRINGS = NO;
				SWIFT_VERSION = 5.0;
				TARGETED_DEVICE_FAMILY = "1,2";
				TEST_TARGET_NAME = "mobile-courier-app";
			};
			name = Release;
		};
/* End XCBuildConfiguration section */

/* Begin XCConfigurationList section */
		1B58EF6E2BE6BBE90066F447 /* Build configuration list for PBXProject "mobile-courier-app" */ = {
			isa = XCConfigurationList;
			buildConfigurations = (
				1B58EF962BE6BBEA0066F447 /* Debug */,
				1B58EF972BE6BBEA0066F447 /* Release */,
			);
			defaultConfigurationIsVisible = 0;
			defaultConfigurationName = Release;
		};
		1B58EF982BE6BBEA0066F447 /* Build configuration list for PBXNativeTarget "mobile-courier-app" */ = {
			isa = XCConfigurationList;
			buildConfigurations = (
				1B58EF992BE6BBEA0066F447 /* Debug */,
				1B58EF9A2BE6BBEA0066F447 /* Release */,
			);
			defaultConfigurationIsVisible = 0;
			defaultConfigurationName = Release;
		};
		1B58EF9B2BE6BBEA0066F447 /* Build configuration list for PBXNativeTarget "mobile-courier-appTests" */ = {
			isa = XCConfigurationList;
			buildConfigurations = (
				1B58EF9C2BE6BBEA0066F447 /* Debug */,
				1B58EF9D2BE6BBEA0066F447 /* Release */,
			);
			defaultConfigurationIsVisible = 0;
			defaultConfigurationName = Release;
		};
		1B58EF9E2BE6BBEA0066F447 /* Build configuration list for PBXNativeTarget "mobile-courier-appUITests" */ = {
			isa = XCConfigurationList;
			buildConfigurations = (
				1B58EF9F2BE6BBEA0066F447 /* Debug */,
				1B58EFA02BE6BBEA0066F447 /* Release */,
			);
			defaultConfigurationIsVisible = 0;
			defaultConfigurationName = Release;
		};
/* End XCConfigurationList section */
	};
	rootObject = 1B58EF6B2BE6BBE90066F447 /* Project object */;
}
