{
  "originHash" : "680a722577665b962cd5b5c030dd6a019bebf21ddb41ab0d62988d4308a66ae6",
  "pins" : [
    {
      "identity" : "mobile-courier-app-domain",
      "kind" : "remoteSourceControl",
      "location" : "https://github.com/vespinola/mobile-courier-app-domain.git",
      "state" : {
        "branch" : "main",
        "revision" : "6a14080b3ba5e183de76acfb8cbf86e9ba8d3857"
      }
    }
  ],
  "version" : 3
}
